PODS:
  - AFNetworking (1.3.3)
  - ARAnalytics/CoreMac (2.3.2)
  - ARAnalytics/MixpanelOSX (2.3.2):
    - ARAnalytics/CoreMac
    - Mixpanel-OSX-Community
  - Mixpanel-OSX-Community (2.0.0)
  - StandardPaths (1.5.4)

DEPENDENCIES:
  - AFNetworking (~> 1.0)
  - ARAnalytics/MixpanelOSX
  - StandardPaths (~> 1.5.4)

SPEC CHECKSUMS:
  AFNetworking: 61fdd49e2ffe6380378df37b3b6e70630bb9dd66
  ARAnalytics: b2892f469e80d40b7d1431fd7a7a8125966faaa9
  Mixpanel-OSX-Community: b829ac6c8ea601849a2ce74a478b046ee661d3f1
  StandardPaths: 3251b6aac8bf4e8a32e980f53e4de6d558617353

COCOAPODS: 0.31.1
