PODS:
  - AFNetworking (2.5.0):
    - AFNetworking/NSURLConnection (= 2.5.0)
    - AFNetworking/NSURLSession (= 2.5.0)
    - AFNetworking/Reachability (= 2.5.0)
    - AFNetworking/Security (= 2.5.0)
    - AFNetworking/Serialization (= 2.5.0)
    - AFNetworking/UIKit (= 2.5.0)
  - AFNetworking/NSURLConnection (2.5.0):
    - AFNetworking/Reachability
    - AFNetworking/Security
    - AFNetworking/Serialization
  - AFNetworking/NSURLSession (2.5.0):
    - AFNetworking/Reachability
    - AFNetworking/Security
    - AFNetworking/Serialization
  - AFNetworking/Reachability (2.5.0)
  - AFNetworking/Security (2.5.0)
  - AFNetworking/Serialization (2.5.0)
  - GIFKit (0.1.0):
    - AFNetworking (~> 2.3)
  - Keys (1.0.0)
  - StandardPaths (1.5.6)
  - STTwitter (0.2.1)

DEPENDENCIES:
  - GIFKit (from `https://github.com/orta/GIFKit.git`)
  - Keys (from `/Users/orta/spiel/mac/GIFs/objc/Pods/CocoaPodsKeys/`)
  - StandardPaths (~> 1.5.4)
  - STTwitter (~> 0.2)

EXTERNAL SOURCES:
  GIFKit:
    :git: https://github.com/orta/GIFKit.git
  Keys:
    :path: "/Users/orta/spiel/mac/GIFs/objc/Pods/CocoaPodsKeys/"

CHECKOUT OPTIONS:
  GIFKit:
    :commit: f9b71bfce26cb61bbad3aa890c539699e924e9af
    :git: https://github.com/orta/GIFKit.git

SPEC CHECKSUMS:
  AFNetworking: 96ac9bf3eda33582701cb1fcc5b896aa1e20311e
  GIFKit: e726e1fb02c9c945a98dba2ba21a01ecec5aaf8c
  Keys: 7d2ff6ff42f6903358267ce56e9392f83c31acfe
  StandardPaths: 0c11c9256a68dd2339d4d2de647a5bd819648c46
  STTwitter: 7b348a4600eb9f868a3d1c9031b4fd8533d123e7

COCOAPODS: 0.37.2
