// !$*UTF8*$!
{
	archiveVersion = 1;
	classes = {
	};
	objectVersion = 46;
	objects = {

/* Begin PBXAggregateTarget section */
		E59DFC3918EB20C90014EDA0 /* Install */ = {
			isa = PBXAggregateTarget;
			buildConfigurationList = E59DFC3A18EB20C90014EDA0 /* Build configuration list for PBXAggregateTarget "Install" */;
			buildPhases = (
				E59DFC3F18EB20D20014EDA0 /* ShellScript */,
			);
			dependencies = (
				E59DFC3E18EB20CF0014EDA0 /* PBXTargetDependency */,
			);
			name = Install;
			productName = Install;
		};
/* End PBXAggregateTarget section */

/* Begin PBXBuildFile section */
		601465DF19F93F0500607614 /* GIFs-Icon.icns in Resources */ = {isa = PBXBuildFile; fileRef = 601465DE19F93F0500607614 /* GIFs-Icon.icns */; };
		6015B461199C653800587A4E /* ORMiddleGreyView.m in Sources */ = {isa = PBXBuildFile; fileRef = 6015B460199C653800587A4E /* ORMiddleGreyView.m */; };
		60238CBE16ABC7C6002DC7CD /* gif_template.html in Resources */ = {isa = PBXBuildFile; fileRef = 60238CBD16ABC7C6002DC7CD /* gif_template.html */; };
		60238CC916AC261A002DC7CD /* ORSimpleSourceListView.m in Sources */ = {isa = PBXBuildFile; fileRef = 60238CC816AC261A002DC7CD /* ORSimpleSourceListView.m */; };
		60238CD816AC7302002DC7CD /* Reddit@2x.png in Resources */ = {isa = PBXBuildFile; fileRef = 60238CD616AC7301002DC7CD /* Reddit@2x.png */; };
		60238CD916AC7302002DC7CD /* Reddit.png in Resources */ = {isa = PBXBuildFile; fileRef = 60238CD716AC7301002DC7CD /* Reddit.png */; };
		60238CDD16AC76E2002DC7CD /* RedditWhite.png in Resources */ = {isa = PBXBuildFile; fileRef = 60238CDB16AC76E2002DC7CD /* RedditWhite.png */; };
		60238CDE16AC76E2002DC7CD /* RedditWhite@2x.png in Resources */ = {isa = PBXBuildFile; fileRef = 60238CDC16AC76E2002DC7CD /* RedditWhite@2x.png */; };
		60238CF216ACB9E0002DC7CD /* Search.png in Resources */ = {isa = PBXBuildFile; fileRef = 60238CF016ACB9DF002DC7CD /* Search.png */; };
		60238CF316ACB9E0002DC7CD /* Search@2x.png in Resources */ = {isa = PBXBuildFile; fileRef = 60238CF116ACB9DF002DC7CD /* Search@2x.png */; };
		60238CF716ACBA0C002DC7CD /* SearchWhite.png in Resources */ = {isa = PBXBuildFile; fileRef = 60238CF516ACBA0C002DC7CD /* SearchWhite.png */; };
		60238CF816ACBA0C002DC7CD /* SearchWhite@2x.png in Resources */ = {isa = PBXBuildFile; fileRef = 60238CF616ACBA0C002DC7CD /* SearchWhite@2x.png */; };
		60238D0116ACDACD002DC7CD /* more.png in Resources */ = {isa = PBXBuildFile; fileRef = 60238D0016ACDACC002DC7CD /* more.png */; };
		60238D0416ACDD83002DC7CD /* ScriptingBridge.framework in Frameworks */ = {isa = PBXBuildFile; fileRef = 60238D0316ACDD82002DC7CD /* ScriptingBridge.framework */; };
		604CA0C319B3F3A000028695 /* Giphy_API_Logo_ForWhite_Trans.gif in Resources */ = {isa = PBXBuildFile; fileRef = 604CA0C219B3F3A000028695 /* Giphy_API_Logo_ForWhite_Trans.gif */; };
		606F435219B3920F00FC5406 /* ORSearchTextField.m in Sources */ = {isa = PBXBuildFile; fileRef = 606F435119B3920F00FC5406 /* ORSearchTextField.m */; };
		606F436419B3A14800FC5406 /* about1.jpg in Resources */ = {isa = PBXBuildFile; fileRef = 606F435619B3A14800FC5406 /* about1.jpg */; };
		606F436519B3A14800FC5406 /* about2.jpg in Resources */ = {isa = PBXBuildFile; fileRef = 606F435719B3A14800FC5406 /* about2.jpg */; };
		606F436619B3A14800FC5406 /* about3.jpg in Resources */ = {isa = PBXBuildFile; fileRef = 606F435819B3A14800FC5406 /* about3.jpg */; };
		606F436719B3A14800FC5406 /* about4.jpg in Resources */ = {isa = PBXBuildFile; fileRef = 606F435919B3A14800FC5406 /* about4.jpg */; };
		606F436819B3A14800FC5406 /* about5.jpg in Resources */ = {isa = PBXBuildFile; fileRef = 606F435A19B3A14800FC5406 /* about5.jpg */; };
		606F436919B3A14800FC5406 /* about6.jpg in Resources */ = {isa = PBXBuildFile; fileRef = 606F435B19B3A14800FC5406 /* about6.jpg */; };
		606F436A19B3A14800FC5406 /* about7.jpg in Resources */ = {isa = PBXBuildFile; fileRef = 606F435C19B3A14800FC5406 /* about7.jpg */; };
		606F436B19B3A14800FC5406 /* about8.jpg in Resources */ = {isa = PBXBuildFile; fileRef = 606F435D19B3A14800FC5406 /* about8.jpg */; };
		606F436C19B3A14800FC5406 /* about9.jpg in Resources */ = {isa = PBXBuildFile; fileRef = 606F435E19B3A14800FC5406 /* about9.jpg */; };
		606F436D19B3A14800FC5406 /* about10.jpg in Resources */ = {isa = PBXBuildFile; fileRef = 606F435F19B3A14800FC5406 /* about10.jpg */; };
		606F436E19B3A14800FC5406 /* about11.jpg in Resources */ = {isa = PBXBuildFile; fileRef = 606F436019B3A14800FC5406 /* about11.jpg */; };
		606F436F19B3A14800FC5406 /* about12.jpg in Resources */ = {isa = PBXBuildFile; fileRef = 606F436119B3A14800FC5406 /* about12.jpg */; };
		606F437019B3A14800FC5406 /* about13.jpg in Resources */ = {isa = PBXBuildFile; fileRef = 606F436219B3A14800FC5406 /* about13.jpg */; };
		606F437119B3A14800FC5406 /* about14.jpg in Resources */ = {isa = PBXBuildFile; fileRef = 606F436319B3A14800FC5406 /* about14.jpg */; };
		606F437319B3A17100FC5406 /* AboutController.swift in Sources */ = {isa = PBXBuildFile; fileRef = 606F437219B3A17100FC5406 /* AboutController.swift */; };
		6086FC5819AABAD4008F447D /* ORImageBrowserView.m in Sources */ = {isa = PBXBuildFile; fileRef = 6086FC5719AABAD4008F447D /* ORImageBrowserView.m */; };
		60C3CE3919A595D200E7B88F /* ORWindowDraggableVisualEffectsView.m in Sources */ = {isa = PBXBuildFile; fileRef = 60C3CE3819A595D200E7B88F /* ORWindowDraggableVisualEffectsView.m */; };
		60C3CE3C19A5976200E7B88F /* ORGIFRightClickMenuMaker.m in Sources */ = {isa = PBXBuildFile; fileRef = 60C3CE3B19A5976200E7B88F /* ORGIFRightClickMenuMaker.m */; };
		60CBFBDC183F11EE0067F321 /* ORStarredSourceController.m in Sources */ = {isa = PBXBuildFile; fileRef = 60CBFBDB183F11EE0067F321 /* ORStarredSourceController.m */; };
		60CBFBDF183F17BE0067F321 /* NSString+StringBetweenStrings.m in Sources */ = {isa = PBXBuildFile; fileRef = 60CBFBDE183F17BE0067F321 /* NSString+StringBetweenStrings.m */; };
		60EC305A16A1FB7A00E9BE93 /* Quartz.framework in Frameworks */ = {isa = PBXBuildFile; fileRef = 60EC305816A1FB7A00E9BE93 /* Quartz.framework */; };
		60EC305B16A1FB7A00E9BE93 /* QuartzCore.framework in Frameworks */ = {isa = PBXBuildFile; fileRef = 60EC305916A1FB7A00E9BE93 /* QuartzCore.framework */; };
		60EC305E16A1FC6C00E9BE93 /* ORMenuController.m in Sources */ = {isa = PBXBuildFile; fileRef = 60EC305D16A1FC6C00E9BE93 /* ORMenuController.m */; };
		60EC306716A2089500E9BE93 /* ORImageView.m in Sources */ = {isa = PBXBuildFile; fileRef = 60EC306616A2089500E9BE93 /* ORImageView.m */; };
		60EC306916A2097D00E9BE93 /* WebKit.framework in Frameworks */ = {isa = PBXBuildFile; fileRef = 60EC306816A2097D00E9BE93 /* WebKit.framework */; };
		60EC306C16A22CA300E9BE93 /* ORWebViewDelegateStuff.m in Sources */ = {isa = PBXBuildFile; fileRef = 60EC306B16A22CA300E9BE93 /* ORWebViewDelegateStuff.m */; };
		60EC307216A3306E00E9BE93 /* ORGIFController.m in Sources */ = {isa = PBXBuildFile; fileRef = 60EC307116A3306E00E9BE93 /* ORGIFController.m */; };
		60ECD1B416A1FA6400A0FB7A /* Cocoa.framework in Frameworks */ = {isa = PBXBuildFile; fileRef = 60ECD1B316A1FA6400A0FB7A /* Cocoa.framework */; };
		60ECD1BE16A1FA6400A0FB7A /* InfoPlist.strings in Resources */ = {isa = PBXBuildFile; fileRef = 60ECD1BC16A1FA6400A0FB7A /* InfoPlist.strings */; };
		60ECD1C016A1FA6400A0FB7A /* main.m in Sources */ = {isa = PBXBuildFile; fileRef = 60ECD1BF16A1FA6400A0FB7A /* main.m */; };
		60ECD1C416A1FA6400A0FB7A /* Credits.rtf in Resources */ = {isa = PBXBuildFile; fileRef = 60ECD1C216A1FA6400A0FB7A /* Credits.rtf */; };
		60ECD1C716A1FA6400A0FB7A /* ORAppDelegate.m in Sources */ = {isa = PBXBuildFile; fileRef = 60ECD1C616A1FA6400A0FB7A /* ORAppDelegate.m */; };
		60ECD1CA16A1FA6400A0FB7A /* MainMenu.xib in Resources */ = {isa = PBXBuildFile; fileRef = 60ECD1C816A1FA6400A0FB7A /* MainMenu.xib */; };
		60F0496519B3A637007D3EBE /* about0.jpg in Resources */ = {isa = PBXBuildFile; fileRef = 60F0496419B3A637007D3EBE /* about0.jpg */; };
		60F0496A19B3A708007D3EBE /* Github.png in Resources */ = {isa = PBXBuildFile; fileRef = 60F0496719B3A708007D3EBE /* Github.png */; };
		60F0496B19B3A708007D3EBE /* TwitterBird.png in Resources */ = {isa = PBXBuildFile; fileRef = 60F0496819B3A708007D3EBE /* TwitterBird.png */; };
		60F0496C19B3A708007D3EBE /* DotSlash.png in Resources */ = {isa = PBXBuildFile; fileRef = 60F0496919B3A708007D3EBE /* DotSlash.png */; };
		60F0496E19B3C2EF007D3EBE /* ORTintedVisualEffectView.swift in Sources */ = {isa = PBXBuildFile; fileRef = 60F0496D19B3C2EF007D3EBE /* ORTintedVisualEffectView.swift */; };
		60F849E61835CD05009A0F25 /* plus_active@2x.png in Resources */ = {isa = PBXBuildFile; fileRef = 60F849E41835CD05009A0F25 /* plus_active@2x.png */; };
		60F849E71835CD05009A0F25 /* plus_active.png in Resources */ = {isa = PBXBuildFile; fileRef = 60F849E51835CD05009A0F25 /* plus_active.png */; };
		60F849EA1835CEB6009A0F25 /* ORDarkBlueView.m in Sources */ = {isa = PBXBuildFile; fileRef = 60F849E91835CEB6009A0F25 /* ORDarkBlueView.m */; };
		60F849ED1835D19B009A0F25 /* ORSourcesController.m in Sources */ = {isa = PBXBuildFile; fileRef = 60F849EC1835D19B009A0F25 /* ORSourcesController.m */; };
		60F849F01835D451009A0F25 /* tick@2x.png in Resources */ = {isa = PBXBuildFile; fileRef = 60F849EE1835D451009A0F25 /* tick@2x.png */; };
		60F849F11835D451009A0F25 /* tick.png in Resources */ = {isa = PBXBuildFile; fileRef = 60F849EF1835D451009A0F25 /* tick.png */; };
		60F849F41835D4F2009A0F25 /* tick_active@2x.png in Resources */ = {isa = PBXBuildFile; fileRef = 60F849F21835D4F2009A0F25 /* tick_active@2x.png */; };
		60F849F51835D4F2009A0F25 /* tick_active.png in Resources */ = {isa = PBXBuildFile; fileRef = 60F849F31835D4F2009A0F25 /* tick_active.png */; };
		60F849FA1835DCF2009A0F25 /* tumblr_t_active@2x.png in Resources */ = {isa = PBXBuildFile; fileRef = 60F849F61835DCF2009A0F25 /* tumblr_t_active@2x.png */; };
		60F849FB1835DCF2009A0F25 /* tumblr_t_active.png in Resources */ = {isa = PBXBuildFile; fileRef = 60F849F71835DCF2009A0F25 /* tumblr_t_active.png */; };
		60F849FC1835DCF2009A0F25 /* tumblr_t@2x.png in Resources */ = {isa = PBXBuildFile; fileRef = 60F849F81835DCF2009A0F25 /* tumblr_t@2x.png */; };
		60F849FD1835DCF2009A0F25 /* tumblr_t.png in Resources */ = {isa = PBXBuildFile; fileRef = 60F849F91835DCF2009A0F25 /* tumblr_t.png */; };
		60F8BFF316AE1E2600036609 /* ORTumblrController.m in Sources */ = {isa = PBXBuildFile; fileRef = 60F8BFF216AE1E2600036609 /* ORTumblrController.m */; };
		60FA43C31994548E002CA538 /* ORWindowTitleDecorationController.swift in Sources */ = {isa = PBXBuildFile; fileRef = 60FA43C21994548E002CA538 /* ORWindowTitleDecorationController.swift */; };
		60FA43C519945A8C002CA538 /* shadow.png in Resources */ = {isa = PBXBuildFile; fileRef = 60FA43C419945A8C002CA538 /* shadow.png */; };
		60FA43C719945AC9002CA538 /* ShadowView.swift in Sources */ = {isa = PBXBuildFile; fileRef = 60FA43C619945AC9002CA538 /* ShadowView.swift */; };
		60FB8852183AE74600FC05CB /* close_active@2x.png in Resources */ = {isa = PBXBuildFile; fileRef = 60FB884E183AE74600FC05CB /* close_active@2x.png */; };
		60FB8853183AE74600FC05CB /* close_active.png in Resources */ = {isa = PBXBuildFile; fileRef = 60FB884F183AE74600FC05CB /* close_active.png */; };
		60FB8854183AE74600FC05CB /* close@2x.png in Resources */ = {isa = PBXBuildFile; fileRef = 60FB8850183AE74600FC05CB /* close@2x.png */; };
		60FB8855183AE74600FC05CB /* close.png in Resources */ = {isa = PBXBuildFile; fileRef = 60FB8851183AE74600FC05CB /* close.png */; };
		905F686A1B139E9100E8E8BF /* ORGIFActionsController.m in Sources */ = {isa = PBXBuildFile; fileRef = 905F68691B139E9100E8E8BF /* ORGIFActionsController.m */; };
		D4A8AB079748CBD736D27F6A /* Pods.framework in Frameworks */ = {isa = PBXBuildFile; fileRef = F8970AEA2284BE660806BB75 /* Pods.framework */; settings = {ATTRIBUTES = (Weak, ); }; };
/* End PBXBuildFile section */

/* Begin PBXContainerItemProxy section */
		E59DFC3D18EB20CF0014EDA0 /* PBXContainerItemProxy */ = {
			isa = PBXContainerItemProxy;
			containerPortal = 60ECD1A616A1FA6400A0FB7A /* Project object */;
			proxyType = 1;
			remoteGlobalIDString = 60ECD1AE16A1FA6400A0FB7A;
			remoteInfo = "All The GIFs";
		};
/* End PBXContainerItemProxy section */

/* Begin PBXFileReference section */
		48689718E1197DB06E8802BD /* Pods.debug.xcconfig */ = {isa = PBXFileReference; includeInIndex = 1; lastKnownFileType = text.xcconfig; name = Pods.debug.xcconfig; path = "Pods/Target Support Files/Pods/Pods.debug.xcconfig"; sourceTree = "<group>"; };
		601465DE19F93F0500607614 /* GIFs-Icon.icns */ = {isa = PBXFileReference; lastKnownFileType = image.icns; path = "GIFs-Icon.icns"; sourceTree = "<group>"; };
		6015B45F199C653800587A4E /* ORMiddleGreyView.h */ = {isa = PBXFileReference; fileEncoding = 4; lastKnownFileType = sourcecode.c.h; path = ORMiddleGreyView.h; sourceTree = "<group>"; };
		6015B460199C653800587A4E /* ORMiddleGreyView.m */ = {isa = PBXFileReference; fileEncoding = 4; lastKnownFileType = sourcecode.c.objc; path = ORMiddleGreyView.m; sourceTree = "<group>"; };
		60238CBD16ABC7C6002DC7CD /* gif_template.html */ = {isa = PBXFileReference; fileEncoding = 4; lastKnownFileType = text.html; path = gif_template.html; sourceTree = "<group>"; };
		60238CC716AC261A002DC7CD /* ORSimpleSourceListView.h */ = {isa = PBXFileReference; fileEncoding = 4; lastKnownFileType = sourcecode.c.h; path = ORSimpleSourceListView.h; sourceTree = "<group>"; };
		60238CC816AC261A002DC7CD /* ORSimpleSourceListView.m */ = {isa = PBXFileReference; fileEncoding = 4; lastKnownFileType = sourcecode.c.objc; path = ORSimpleSourceListView.m; sourceTree = "<group>"; };
		60238CD616AC7301002DC7CD /* Reddit@2x.png */ = {isa = PBXFileReference; lastKnownFileType = image.png; path = "Reddit@2x.png"; sourceTree = "<group>"; };
		60238CD716AC7301002DC7CD /* Reddit.png */ = {isa = PBXFileReference; lastKnownFileType = image.png; path = Reddit.png; sourceTree = "<group>"; };
		60238CDB16AC76E2002DC7CD /* RedditWhite.png */ = {isa = PBXFileReference; lastKnownFileType = image.png; path = RedditWhite.png; sourceTree = "<group>"; };
		60238CDC16AC76E2002DC7CD /* RedditWhite@2x.png */ = {isa = PBXFileReference; lastKnownFileType = image.png; path = "RedditWhite@2x.png"; sourceTree = "<group>"; };
		60238CF016ACB9DF002DC7CD /* Search.png */ = {isa = PBXFileReference; lastKnownFileType = image.png; path = Search.png; sourceTree = "<group>"; };
		60238CF116ACB9DF002DC7CD /* Search@2x.png */ = {isa = PBXFileReference; lastKnownFileType = image.png; path = "Search@2x.png"; sourceTree = "<group>"; };
		60238CF516ACBA0C002DC7CD /* SearchWhite.png */ = {isa = PBXFileReference; lastKnownFileType = image.png; path = SearchWhite.png; sourceTree = "<group>"; };
		60238CF616ACBA0C002DC7CD /* SearchWhite@2x.png */ = {isa = PBXFileReference; lastKnownFileType = image.png; path = "SearchWhite@2x.png"; sourceTree = "<group>"; };
		60238D0016ACDACC002DC7CD /* more.png */ = {isa = PBXFileReference; lastKnownFileType = image.png; path = more.png; sourceTree = "<group>"; };
		60238D0316ACDD82002DC7CD /* ScriptingBridge.framework */ = {isa = PBXFileReference; lastKnownFileType = wrapper.framework; name = ScriptingBridge.framework; path = System/Library/Frameworks/ScriptingBridge.framework; sourceTree = SDKROOT; };
		604CA0C219B3F3A000028695 /* Giphy_API_Logo_ForWhite_Trans.gif */ = {isa = PBXFileReference; lastKnownFileType = image.gif; path = Giphy_API_Logo_ForWhite_Trans.gif; sourceTree = "<group>"; };
		6051073F1A772E1700E94DB6 /* GIFs.entitlements */ = {isa = PBXFileReference; lastKnownFileType = text.xml; path = GIFs.entitlements; sourceTree = "<group>"; };
		606F435019B3920F00FC5406 /* ORSearchTextField.h */ = {isa = PBXFileReference; fileEncoding = 4; lastKnownFileType = sourcecode.c.h; path = ORSearchTextField.h; sourceTree = "<group>"; };
		606F435119B3920F00FC5406 /* ORSearchTextField.m */ = {isa = PBXFileReference; fileEncoding = 4; lastKnownFileType = sourcecode.c.objc; path = ORSearchTextField.m; sourceTree = "<group>"; };
		606F435619B3A14800FC5406 /* about1.jpg */ = {isa = PBXFileReference; lastKnownFileType = image.jpeg; path = about1.jpg; sourceTree = "<group>"; };
		606F435719B3A14800FC5406 /* about2.jpg */ = {isa = PBXFileReference; lastKnownFileType = image.jpeg; path = about2.jpg; sourceTree = "<group>"; };
		606F435819B3A14800FC5406 /* about3.jpg */ = {isa = PBXFileReference; lastKnownFileType = image.jpeg; path = about3.jpg; sourceTree = "<group>"; };
		606F435919B3A14800FC5406 /* about4.jpg */ = {isa = PBXFileReference; lastKnownFileType = image.jpeg; path = about4.jpg; sourceTree = "<group>"; };
		606F435A19B3A14800FC5406 /* about5.jpg */ = {isa = PBXFileReference; lastKnownFileType = image.jpeg; path = about5.jpg; sourceTree = "<group>"; };
		606F435B19B3A14800FC5406 /* about6.jpg */ = {isa = PBXFileReference; lastKnownFileType = image.jpeg; path = about6.jpg; sourceTree = "<group>"; };
		606F435C19B3A14800FC5406 /* about7.jpg */ = {isa = PBXFileReference; lastKnownFileType = image.jpeg; path = about7.jpg; sourceTree = "<group>"; };
		606F435D19B3A14800FC5406 /* about8.jpg */ = {isa = PBXFileReference; lastKnownFileType = image.jpeg; path = about8.jpg; sourceTree = "<group>"; };
		606F435E19B3A14800FC5406 /* about9.jpg */ = {isa = PBXFileReference; lastKnownFileType = image.jpeg; path = about9.jpg; sourceTree = "<group>"; };
		606F435F19B3A14800FC5406 /* about10.jpg */ = {isa = PBXFileReference; lastKnownFileType = image.jpeg; path = about10.jpg; sourceTree = "<group>"; };
		606F436019B3A14800FC5406 /* about11.jpg */ = {isa = PBXFileReference; lastKnownFileType = image.jpeg; path = about11.jpg; sourceTree = "<group>"; };
		606F436119B3A14800FC5406 /* about12.jpg */ = {isa = PBXFileReference; lastKnownFileType = image.jpeg; path = about12.jpg; sourceTree = "<group>"; };
		606F436219B3A14800FC5406 /* about13.jpg */ = {isa = PBXFileReference; lastKnownFileType = image.jpeg; path = about13.jpg; sourceTree = "<group>"; };
		606F436319B3A14800FC5406 /* about14.jpg */ = {isa = PBXFileReference; lastKnownFileType = image.jpeg; path = about14.jpg; sourceTree = "<group>"; };
		606F437219B3A17100FC5406 /* AboutController.swift */ = {isa = PBXFileReference; fileEncoding = 4; lastKnownFileType = sourcecode.swift; path = AboutController.swift; sourceTree = "<group>"; };
		6086FC5619AABAD4008F447D /* ORImageBrowserView.h */ = {isa = PBXFileReference; fileEncoding = 4; lastKnownFileType = sourcecode.c.h; path = ORImageBrowserView.h; sourceTree = "<group>"; };
		6086FC5719AABAD4008F447D /* ORImageBrowserView.m */ = {isa = PBXFileReference; fileEncoding = 4; lastKnownFileType = sourcecode.c.objc; path = ORImageBrowserView.m; sourceTree = "<group>"; };
		60C3CE3719A595D200E7B88F /* ORWindowDraggableVisualEffectsView.h */ = {isa = PBXFileReference; fileEncoding = 4; lastKnownFileType = sourcecode.c.h; path = ORWindowDraggableVisualEffectsView.h; sourceTree = "<group>"; };
		60C3CE3819A595D200E7B88F /* ORWindowDraggableVisualEffectsView.m */ = {isa = PBXFileReference; fileEncoding = 4; lastKnownFileType = sourcecode.c.objc; path = ORWindowDraggableVisualEffectsView.m; sourceTree = "<group>"; };
		60C3CE3A19A5976200E7B88F /* ORGIFRightClickMenuMaker.h */ = {isa = PBXFileReference; fileEncoding = 4; lastKnownFileType = sourcecode.c.h; path = ORGIFRightClickMenuMaker.h; sourceTree = "<group>"; };
		60C3CE3B19A5976200E7B88F /* ORGIFRightClickMenuMaker.m */ = {isa = PBXFileReference; fileEncoding = 4; lastKnownFileType = sourcecode.c.objc; path = ORGIFRightClickMenuMaker.m; sourceTree = "<group>"; };
		60C618E21991AA0F00C6CEE1 /* GIFs-Bridging-Header.h */ = {isa = PBXFileReference; lastKnownFileType = sourcecode.c.h; path = "GIFs-Bridging-Header.h"; sourceTree = "<group>"; };
		60CBFBDA183F11EE0067F321 /* ORStarredSourceController.h */ = {isa = PBXFileReference; fileEncoding = 4; lastKnownFileType = sourcecode.c.h; path = ORStarredSourceController.h; sourceTree = "<group>"; };
		60CBFBDB183F11EE0067F321 /* ORStarredSourceController.m */ = {isa = PBXFileReference; fileEncoding = 4; lastKnownFileType = sourcecode.c.objc; path = ORStarredSourceController.m; sourceTree = "<group>"; };
		60CBFBDD183F17BE0067F321 /* NSString+StringBetweenStrings.h */ = {isa = PBXFileReference; fileEncoding = 4; lastKnownFileType = sourcecode.c.h; path = "NSString+StringBetweenStrings.h"; sourceTree = "<group>"; };
		60CBFBDE183F17BE0067F321 /* NSString+StringBetweenStrings.m */ = {isa = PBXFileReference; fileEncoding = 4; lastKnownFileType = sourcecode.c.objc; path = "NSString+StringBetweenStrings.m"; sourceTree = "<group>"; };
		60EC305816A1FB7A00E9BE93 /* Quartz.framework */ = {isa = PBXFileReference; lastKnownFileType = wrapper.framework; name = Quartz.framework; path = System/Library/Frameworks/Quartz.framework; sourceTree = SDKROOT; };
		60EC305916A1FB7A00E9BE93 /* QuartzCore.framework */ = {isa = PBXFileReference; lastKnownFileType = wrapper.framework; name = QuartzCore.framework; path = System/Library/Frameworks/QuartzCore.framework; sourceTree = SDKROOT; };
		60EC305C16A1FC6C00E9BE93 /* ORMenuController.h */ = {isa = PBXFileReference; fileEncoding = 4; lastKnownFileType = sourcecode.c.h; path = ORMenuController.h; sourceTree = "<group>"; };
		60EC305D16A1FC6C00E9BE93 /* ORMenuController.m */ = {isa = PBXFileReference; fileEncoding = 4; lastKnownFileType = sourcecode.c.objc; path = ORMenuController.m; sourceTree = "<group>"; };
		60EC306516A2089500E9BE93 /* ORImageView.h */ = {isa = PBXFileReference; fileEncoding = 4; lastKnownFileType = sourcecode.c.h; path = ORImageView.h; sourceTree = "<group>"; };
		60EC306616A2089500E9BE93 /* ORImageView.m */ = {isa = PBXFileReference; fileEncoding = 4; lastKnownFileType = sourcecode.c.objc; path = ORImageView.m; sourceTree = "<group>"; };
		60EC306816A2097D00E9BE93 /* WebKit.framework */ = {isa = PBXFileReference; lastKnownFileType = wrapper.framework; name = WebKit.framework; path = System/Library/Frameworks/WebKit.framework; sourceTree = SDKROOT; };
		60EC306A16A22CA300E9BE93 /* ORWebViewDelegateStuff.h */ = {isa = PBXFileReference; fileEncoding = 4; lastKnownFileType = sourcecode.c.h; path = ORWebViewDelegateStuff.h; sourceTree = "<group>"; };
		60EC306B16A22CA300E9BE93 /* ORWebViewDelegateStuff.m */ = {isa = PBXFileReference; fileEncoding = 4; lastKnownFileType = sourcecode.c.objc; path = ORWebViewDelegateStuff.m; sourceTree = "<group>"; };
		60EC307016A3306E00E9BE93 /* ORGIFController.h */ = {isa = PBXFileReference; fileEncoding = 4; lastKnownFileType = sourcecode.c.h; path = ORGIFController.h; sourceTree = "<group>"; };
		60EC307116A3306E00E9BE93 /* ORGIFController.m */ = {isa = PBXFileReference; fileEncoding = 4; lastKnownFileType = sourcecode.c.objc; path = ORGIFController.m; sourceTree = "<group>"; };
		60ECD1AF16A1FA6400A0FB7A /* GIFs.app */ = {isa = PBXFileReference; explicitFileType = wrapper.application; includeInIndex = 0; path = GIFs.app; sourceTree = BUILT_PRODUCTS_DIR; };
		60ECD1B316A1FA6400A0FB7A /* Cocoa.framework */ = {isa = PBXFileReference; lastKnownFileType = wrapper.framework; name = Cocoa.framework; path = System/Library/Frameworks/Cocoa.framework; sourceTree = SDKROOT; };
		60ECD1B616A1FA6400A0FB7A /* AppKit.framework */ = {isa = PBXFileReference; lastKnownFileType = wrapper.framework; name = AppKit.framework; path = System/Library/Frameworks/AppKit.framework; sourceTree = SDKROOT; };
		60ECD1B716A1FA6400A0FB7A /* CoreData.framework */ = {isa = PBXFileReference; lastKnownFileType = wrapper.framework; name = CoreData.framework; path = System/Library/Frameworks/CoreData.framework; sourceTree = SDKROOT; };
		60ECD1B816A1FA6400A0FB7A /* Foundation.framework */ = {isa = PBXFileReference; lastKnownFileType = wrapper.framework; name = Foundation.framework; path = System/Library/Frameworks/Foundation.framework; sourceTree = SDKROOT; };
		60ECD1BB16A1FA6400A0FB7A /* GIFs-Info.plist */ = {isa = PBXFileReference; lastKnownFileType = text.plist.xml; path = "GIFs-Info.plist"; sourceTree = "<group>"; };
		60ECD1BD16A1FA6400A0FB7A /* en */ = {isa = PBXFileReference; lastKnownFileType = text.plist.strings; name = en; path = en.lproj/InfoPlist.strings; sourceTree = "<group>"; };
		60ECD1BF16A1FA6400A0FB7A /* main.m */ = {isa = PBXFileReference; lastKnownFileType = sourcecode.c.objc; path = main.m; sourceTree = "<group>"; };
		60ECD1C116A1FA6400A0FB7A /* GIFs-Prefix.pch */ = {isa = PBXFileReference; lastKnownFileType = sourcecode.c.h; path = "GIFs-Prefix.pch"; sourceTree = "<group>"; };
		60ECD1C316A1FA6400A0FB7A /* en */ = {isa = PBXFileReference; lastKnownFileType = text.rtf; name = en; path = en.lproj/Credits.rtf; sourceTree = "<group>"; };
		60ECD1C516A1FA6400A0FB7A /* ORAppDelegate.h */ = {isa = PBXFileReference; lastKnownFileType = sourcecode.c.h; path = ORAppDelegate.h; sourceTree = "<group>"; };
		60ECD1C616A1FA6400A0FB7A /* ORAppDelegate.m */ = {isa = PBXFileReference; lastKnownFileType = sourcecode.c.objc; path = ORAppDelegate.m; sourceTree = "<group>"; };
		60ECD1C916A1FA6400A0FB7A /* en */ = {isa = PBXFileReference; lastKnownFileType = file.xib; name = en; path = en.lproj/MainMenu.xib; sourceTree = "<group>"; };
		60F0496419B3A637007D3EBE /* about0.jpg */ = {isa = PBXFileReference; lastKnownFileType = image.jpeg; path = about0.jpg; sourceTree = "<group>"; };
		60F0496719B3A708007D3EBE /* Github.png */ = {isa = PBXFileReference; lastKnownFileType = image.png; path = Github.png; sourceTree = "<group>"; };
		60F0496819B3A708007D3EBE /* TwitterBird.png */ = {isa = PBXFileReference; lastKnownFileType = image.png; path = TwitterBird.png; sourceTree = "<group>"; };
		60F0496919B3A708007D3EBE /* DotSlash.png */ = {isa = PBXFileReference; lastKnownFileType = image.png; path = DotSlash.png; sourceTree = "<group>"; };
		60F0496D19B3C2EF007D3EBE /* ORTintedVisualEffectView.swift */ = {isa = PBXFileReference; fileEncoding = 4; lastKnownFileType = sourcecode.swift; path = ORTintedVisualEffectView.swift; sourceTree = "<group>"; };
		60F849E41835CD05009A0F25 /* plus_active@2x.png */ = {isa = PBXFileReference; lastKnownFileType = image.png; path = "plus_active@2x.png"; sourceTree = "<group>"; };
		60F849E51835CD05009A0F25 /* plus_active.png */ = {isa = PBXFileReference; lastKnownFileType = image.png; path = plus_active.png; sourceTree = "<group>"; };
		60F849E81835CEB6009A0F25 /* ORDarkBlueView.h */ = {isa = PBXFileReference; fileEncoding = 4; lastKnownFileType = sourcecode.c.h; path = ORDarkBlueView.h; sourceTree = "<group>"; };
		60F849E91835CEB6009A0F25 /* ORDarkBlueView.m */ = {isa = PBXFileReference; fileEncoding = 4; lastKnownFileType = sourcecode.c.objc; path = ORDarkBlueView.m; sourceTree = "<group>"; };
		60F849EB1835D19B009A0F25 /* ORSourcesController.h */ = {isa = PBXFileReference; fileEncoding = 4; lastKnownFileType = sourcecode.c.h; path = ORSourcesController.h; sourceTree = "<group>"; };
		60F849EC1835D19B009A0F25 /* ORSourcesController.m */ = {isa = PBXFileReference; fileEncoding = 4; lastKnownFileType = sourcecode.c.objc; path = ORSourcesController.m; sourceTree = "<group>"; };
		60F849EE1835D451009A0F25 /* tick@2x.png */ = {isa = PBXFileReference; lastKnownFileType = image.png; path = "tick@2x.png"; sourceTree = "<group>"; };
		60F849EF1835D451009A0F25 /* tick.png */ = {isa = PBXFileReference; lastKnownFileType = image.png; path = tick.png; sourceTree = "<group>"; };
		60F849F21835D4F2009A0F25 /* tick_active@2x.png */ = {isa = PBXFileReference; lastKnownFileType = image.png; path = "tick_active@2x.png"; sourceTree = "<group>"; };
		60F849F31835D4F2009A0F25 /* tick_active.png */ = {isa = PBXFileReference; lastKnownFileType = image.png; path = tick_active.png; sourceTree = "<group>"; };
		60F849F61835DCF2009A0F25 /* tumblr_t_active@2x.png */ = {isa = PBXFileReference; lastKnownFileType = image.png; path = "tumblr_t_active@2x.png"; sourceTree = "<group>"; };
		60F849F71835DCF2009A0F25 /* tumblr_t_active.png */ = {isa = PBXFileReference; lastKnownFileType = image.png; path = tumblr_t_active.png; sourceTree = "<group>"; };
		60F849F81835DCF2009A0F25 /* tumblr_t@2x.png */ = {isa = PBXFileReference; lastKnownFileType = image.png; path = "tumblr_t@2x.png"; sourceTree = "<group>"; };
		60F849F91835DCF2009A0F25 /* tumblr_t.png */ = {isa = PBXFileReference; lastKnownFileType = image.png; path = tumblr_t.png; sourceTree = "<group>"; };
		60F8BFF116AE1E2600036609 /* ORTumblrController.h */ = {isa = PBXFileReference; fileEncoding = 4; lastKnownFileType = sourcecode.c.h; path = ORTumblrController.h; sourceTree = "<group>"; };
		60F8BFF216AE1E2600036609 /* ORTumblrController.m */ = {isa = PBXFileReference; fileEncoding = 4; lastKnownFileType = sourcecode.c.objc; path = ORTumblrController.m; sourceTree = "<group>"; };
		60FA43C21994548E002CA538 /* ORWindowTitleDecorationController.swift */ = {isa = PBXFileReference; fileEncoding = 4; lastKnownFileType = sourcecode.swift; path = ORWindowTitleDecorationController.swift; sourceTree = "<group>"; };
		60FA43C419945A8C002CA538 /* shadow.png */ = {isa = PBXFileReference; lastKnownFileType = image.png; path = shadow.png; sourceTree = "<group>"; };
		60FA43C619945AC9002CA538 /* ShadowView.swift */ = {isa = PBXFileReference; fileEncoding = 4; lastKnownFileType = sourcecode.swift; path = ShadowView.swift; sourceTree = "<group>"; };
		60FB884E183AE74600FC05CB /* close_active@2x.png */ = {isa = PBXFileReference; lastKnownFileType = image.png; path = "close_active@2x.png"; sourceTree = "<group>"; };
		60FB884F183AE74600FC05CB /* close_active.png */ = {isa = PBXFileReference; lastKnownFileType = image.png; path = close_active.png; sourceTree = "<group>"; };
		60FB8850183AE74600FC05CB /* close@2x.png */ = {isa = PBXFileReference; lastKnownFileType = image.png; path = "close@2x.png"; sourceTree = "<group>"; };
		60FB8851183AE74600FC05CB /* close.png */ = {isa = PBXFileReference; lastKnownFileType = image.png; path = close.png; sourceTree = "<group>"; };
		7165988F5B82F3A3AF58E6CD /* Pods.release.xcconfig */ = {isa = PBXFileReference; includeInIndex = 1; lastKnownFileType = text.xcconfig; name = Pods.release.xcconfig; path = "Pods/Target Support Files/Pods/Pods.release.xcconfig"; sourceTree = "<group>"; };
		905F68681B139E9100E8E8BF /* ORGIFActionsController.h */ = {isa = PBXFileReference; fileEncoding = 4; lastKnownFileType = sourcecode.c.h; path = ORGIFActionsController.h; sourceTree = "<group>"; };
		905F68691B139E9100E8E8BF /* ORGIFActionsController.m */ = {isa = PBXFileReference; fileEncoding = 4; lastKnownFileType = sourcecode.c.objc; path = ORGIFActionsController.m; sourceTree = "<group>"; };
		F8970AEA2284BE660806BB75 /* Pods.framework */ = {isa = PBXFileReference; explicitFileType = wrapper.framework; includeInIndex = 0; path = Pods.framework; sourceTree = BUILT_PRODUCTS_DIR; };
/* End PBXFileReference section */

/* Begin PBXFrameworksBuildPhase section */
		60ECD1AC16A1FA6400A0FB7A /* Frameworks */ = {
			isa = PBXFrameworksBuildPhase;
			buildActionMask = 2147483647;
			files = (
				60238D0416ACDD83002DC7CD /* ScriptingBridge.framework in Frameworks */,
				60EC306916A2097D00E9BE93 /* WebKit.framework in Frameworks */,
				60EC305A16A1FB7A00E9BE93 /* Quartz.framework in Frameworks */,
				60EC305B16A1FB7A00E9BE93 /* QuartzCore.framework in Frameworks */,
				60ECD1B416A1FA6400A0FB7A /* Cocoa.framework in Frameworks */,
				D4A8AB079748CBD736D27F6A /* Pods.framework in Frameworks */,
			);
			runOnlyForDeploymentPostprocessing = 0;
		};
/* End PBXFrameworksBuildPhase section */

/* Begin PBXGroup section */
		2DD84961148850751C6B0A38 /* Pods */ = {
			isa = PBXGroup;
			children = (
				48689718E1197DB06E8802BD /* Pods.debug.xcconfig */,
				7165988F5B82F3A3AF58E6CD /* Pods.release.xcconfig */,
			);
			name = Pods;
			sourceTree = "<group>";
		};
		606F435519B3A05100FC5406 /* about-backgrounds */ = {
			isa = PBXGroup;
			children = (
				60F0496419B3A637007D3EBE /* about0.jpg */,
				606F435619B3A14800FC5406 /* about1.jpg */,
				606F435719B3A14800FC5406 /* about2.jpg */,
				606F435819B3A14800FC5406 /* about3.jpg */,
				606F435919B3A14800FC5406 /* about4.jpg */,
				606F435A19B3A14800FC5406 /* about5.jpg */,
				606F435B19B3A14800FC5406 /* about6.jpg */,
				606F435C19B3A14800FC5406 /* about7.jpg */,
				606F435D19B3A14800FC5406 /* about8.jpg */,
				606F435E19B3A14800FC5406 /* about9.jpg */,
				606F435F19B3A14800FC5406 /* about10.jpg */,
				606F436019B3A14800FC5406 /* about11.jpg */,
				606F436119B3A14800FC5406 /* about12.jpg */,
				606F436219B3A14800FC5406 /* about13.jpg */,
				606F436319B3A14800FC5406 /* about14.jpg */,
			);
			name = "about-backgrounds";
			sourceTree = "<group>";
		};
		60ECD1A416A1FA6400A0FB7A = {
			isa = PBXGroup;
			children = (
				60ECD1B916A1FA6400A0FB7A /* GIFs */,
				60ECD1B216A1FA6400A0FB7A /* Frameworks */,
				60ECD1B016A1FA6400A0FB7A /* Products */,
				2DD84961148850751C6B0A38 /* Pods */,
			);
			sourceTree = "<group>";
		};
		60ECD1B016A1FA6400A0FB7A /* Products */ = {
			isa = PBXGroup;
			children = (
				60ECD1AF16A1FA6400A0FB7A /* GIFs.app */,
			);
			name = Products;
			sourceTree = "<group>";
		};
		60ECD1B216A1FA6400A0FB7A /* Frameworks */ = {
			isa = PBXGroup;
			children = (
				60238D0316ACDD82002DC7CD /* ScriptingBridge.framework */,
				60EC306816A2097D00E9BE93 /* WebKit.framework */,
				60EC305816A1FB7A00E9BE93 /* Quartz.framework */,
				60EC305916A1FB7A00E9BE93 /* QuartzCore.framework */,
				60ECD1B316A1FA6400A0FB7A /* Cocoa.framework */,
				60ECD1B516A1FA6400A0FB7A /* Other Frameworks */,
				F8970AEA2284BE660806BB75 /* Pods.framework */,
			);
			name = Frameworks;
			sourceTree = "<group>";
		};
		60ECD1B516A1FA6400A0FB7A /* Other Frameworks */ = {
			isa = PBXGroup;
			children = (
				60ECD1B616A1FA6400A0FB7A /* AppKit.framework */,
				60ECD1B716A1FA6400A0FB7A /* CoreData.framework */,
				60ECD1B816A1FA6400A0FB7A /* Foundation.framework */,
			);
			name = "Other Frameworks";
			sourceTree = "<group>";
		};
		60ECD1B916A1FA6400A0FB7A /* GIFs */ = {
			isa = PBXGroup;
			children = (
				6051073F1A772E1700E94DB6 /* GIFs.entitlements */,
				601465DE19F93F0500607614 /* GIFs-Icon.icns */,
				60FB8859183AED9100FC05CB /* Misc */,
				60FB8858183AED8400FC05CB /* Models */,
				60FB8857183AED6A00FC05CB /* Controllers */,
				60FB8856183AED5C00FC05CB /* Views */,
				60F8BFF516AE1E6B00036609 /* Resources */,
				60ECD1C516A1FA6400A0FB7A /* ORAppDelegate.h */,
				60ECD1C616A1FA6400A0FB7A /* ORAppDelegate.m */,
				60ECD1C816A1FA6400A0FB7A /* MainMenu.xib */,
				60ECD1BA16A1FA6400A0FB7A /* Supporting Files */,
			);
			path = GIFs;
			sourceTree = "<group>";
		};
		60ECD1BA16A1FA6400A0FB7A /* Supporting Files */ = {
			isa = PBXGroup;
			children = (
				60238CBD16ABC7C6002DC7CD /* gif_template.html */,
				60ECD1BB16A1FA6400A0FB7A /* GIFs-Info.plist */,
				60ECD1BC16A1FA6400A0FB7A /* InfoPlist.strings */,
				60ECD1BF16A1FA6400A0FB7A /* main.m */,
				60ECD1C116A1FA6400A0FB7A /* GIFs-Prefix.pch */,
				60ECD1C216A1FA6400A0FB7A /* Credits.rtf */,
			);
			name = "Supporting Files";
			sourceTree = "<group>";
		};
		60F0496619B3A6FC007D3EBE /* about-buttons */ = {
			isa = PBXGroup;
			children = (
				60F0496719B3A708007D3EBE /* Github.png */,
				60F0496819B3A708007D3EBE /* TwitterBird.png */,
				60F0496919B3A708007D3EBE /* DotSlash.png */,
			);
			name = "about-buttons";
			sourceTree = "<group>";
		};
		60F8BFF516AE1E6B00036609 /* Resources */ = {
			isa = PBXGroup;
			children = (
				604CA0C219B3F3A000028695 /* Giphy_API_Logo_ForWhite_Trans.gif */,
				60F0496619B3A6FC007D3EBE /* about-buttons */,
				606F435519B3A05100FC5406 /* about-backgrounds */,
				60FA43C419945A8C002CA538 /* shadow.png */,
				60FB884E183AE74600FC05CB /* close_active@2x.png */,
				60FB884F183AE74600FC05CB /* close_active.png */,
				60FB8850183AE74600FC05CB /* close@2x.png */,
				60FB8851183AE74600FC05CB /* close.png */,
				60F849F61835DCF2009A0F25 /* tumblr_t_active@2x.png */,
				60F849F71835DCF2009A0F25 /* tumblr_t_active.png */,
				60F849F81835DCF2009A0F25 /* tumblr_t@2x.png */,
				60F849F91835DCF2009A0F25 /* tumblr_t.png */,
				60F849F21835D4F2009A0F25 /* tick_active@2x.png */,
				60F849F31835D4F2009A0F25 /* tick_active.png */,
				60F849EE1835D451009A0F25 /* tick@2x.png */,
				60F849EF1835D451009A0F25 /* tick.png */,
				60F849E41835CD05009A0F25 /* plus_active@2x.png */,
				60F849E51835CD05009A0F25 /* plus_active.png */,
				60238CDB16AC76E2002DC7CD /* RedditWhite.png */,
				60238CDC16AC76E2002DC7CD /* RedditWhite@2x.png */,
				60238CD616AC7301002DC7CD /* Reddit@2x.png */,
				60238CD716AC7301002DC7CD /* Reddit.png */,
				60238CF016ACB9DF002DC7CD /* Search.png */,
				60238CF116ACB9DF002DC7CD /* Search@2x.png */,
				60238CF516ACBA0C002DC7CD /* SearchWhite.png */,
				60238D0016ACDACC002DC7CD /* more.png */,
				60238CF616ACBA0C002DC7CD /* SearchWhite@2x.png */,
			);
			name = Resources;
			sourceTree = "<group>";
		};
		60FB8856183AED5C00FC05CB /* Views */ = {
			isa = PBXGroup;
			children = (
				60238CC716AC261A002DC7CD /* ORSimpleSourceListView.h */,
				60238CC816AC261A002DC7CD /* ORSimpleSourceListView.m */,
				60F849E81835CEB6009A0F25 /* ORDarkBlueView.h */,
				60F849E91835CEB6009A0F25 /* ORDarkBlueView.m */,
				60EC306516A2089500E9BE93 /* ORImageView.h */,
				60EC306616A2089500E9BE93 /* ORImageView.m */,
				60C618E21991AA0F00C6CEE1 /* GIFs-Bridging-Header.h */,
				60FA43C619945AC9002CA538 /* ShadowView.swift */,
				6015B45F199C653800587A4E /* ORMiddleGreyView.h */,
				6015B460199C653800587A4E /* ORMiddleGreyView.m */,
				60C3CE3719A595D200E7B88F /* ORWindowDraggableVisualEffectsView.h */,
				60C3CE3819A595D200E7B88F /* ORWindowDraggableVisualEffectsView.m */,
				6086FC5619AABAD4008F447D /* ORImageBrowserView.h */,
				6086FC5719AABAD4008F447D /* ORImageBrowserView.m */,
			);
			name = Views;
			sourceTree = "<group>";
		};
		60FB8857183AED6A00FC05CB /* Controllers */ = {
			isa = PBXGroup;
			children = (
				60EC305C16A1FC6C00E9BE93 /* ORMenuController.h */,
				60EC305D16A1FC6C00E9BE93 /* ORMenuController.m */,
				60EC307016A3306E00E9BE93 /* ORGIFController.h */,
				60EC307116A3306E00E9BE93 /* ORGIFController.m */,
				905F68681B139E9100E8E8BF /* ORGIFActionsController.h */,
				905F68691B139E9100E8E8BF /* ORGIFActionsController.m */,
				60F8BFF116AE1E2600036609 /* ORTumblrController.h */,
				60F8BFF216AE1E2600036609 /* ORTumblrController.m */,
				60F849EB1835D19B009A0F25 /* ORSourcesController.h */,
				60F849EC1835D19B009A0F25 /* ORSourcesController.m */,
				60CBFBDA183F11EE0067F321 /* ORStarredSourceController.h */,
				60CBFBDB183F11EE0067F321 /* ORStarredSourceController.m */,
				60FA43C21994548E002CA538 /* ORWindowTitleDecorationController.swift */,
				60F0496D19B3C2EF007D3EBE /* ORTintedVisualEffectView.swift */,
				606F437219B3A17100FC5406 /* AboutController.swift */,
			);
			name = Controllers;
			sourceTree = "<group>";
		};
		60FB8858183AED8400FC05CB /* Models */ = {
			isa = PBXGroup;
			children = (
				60C3CE3A19A5976200E7B88F /* ORGIFRightClickMenuMaker.h */,
				60C3CE3B19A5976200E7B88F /* ORGIFRightClickMenuMaker.m */,
			);
			name = Models;
			sourceTree = "<group>";
		};
		60FB8859183AED9100FC05CB /* Misc */ = {
			isa = PBXGroup;
			children = (
				60EC306A16A22CA300E9BE93 /* ORWebViewDelegateStuff.h */,
				60CBFBDD183F17BE0067F321 /* NSString+StringBetweenStrings.h */,
				60CBFBDE183F17BE0067F321 /* NSString+StringBetweenStrings.m */,
				60EC306B16A22CA300E9BE93 /* ORWebViewDelegateStuff.m */,
				606F435019B3920F00FC5406 /* ORSearchTextField.h */,
				606F435119B3920F00FC5406 /* ORSearchTextField.m */,
			);
			name = Misc;
			sourceTree = "<group>";
		};
/* End PBXGroup section */

/* Begin PBXNativeTarget section */
		60ECD1AE16A1FA6400A0FB7A /* GIFs */ = {
			isa = PBXNativeTarget;
			buildConfigurationList = 60ECD1CD16A1FA6400A0FB7A /* Build configuration list for PBXNativeTarget "GIFs" */;
			buildPhases = (
				B8617A8FE193733F74F8D5E7 /* Check Pods Manifest.lock */,
				60ECD1AB16A1FA6400A0FB7A /* Sources */,
				60ECD1AC16A1FA6400A0FB7A /* Frameworks */,
				60ECD1AD16A1FA6400A0FB7A /* Resources */,
				A465A40D9D4972C67B3ADC18 /* Embed Pods Frameworks */,
				79B27B42B652262654045751 /* Copy Pods Resources */,
			);
			buildRules = (
			);
			dependencies = (
			);
			name = GIFs;
			productName = GIFs;
			productReference = 60ECD1AF16A1FA6400A0FB7A /* GIFs.app */;
			productType = "com.apple.product-type.application";
		};
/* End PBXNativeTarget section */

/* Begin PBXProject section */
		60ECD1A616A1FA6400A0FB7A /* Project object */ = {
			isa = PBXProject;
			attributes = {
				CLASSPREFIX = OR;
				LastSwiftUpdateCheck = 0700;
				LastUpgradeCheck = 0700;
				ORGANIZATIONNAME = "Orta Therox";
				TargetAttributes = {
					60ECD1AE16A1FA6400A0FB7A = {
						DevelopmentTeam = GN257VN844;
						SystemCapabilities = {
							com.apple.Sandbox = {
								enabled = 1;
							};
						};
					};
				};
			};
			buildConfigurationList = 60ECD1A916A1FA6400A0FB7A /* Build configuration list for PBXProject "GIFs" */;
			compatibilityVersion = "Xcode 3.2";
			developmentRegion = English;
			hasScannedForEncodings = 0;
			knownRegions = (
				en,
			);
			mainGroup = 60ECD1A416A1FA6400A0FB7A;
			productRefGroup = 60ECD1B016A1FA6400A0FB7A /* Products */;
			projectDirPath = "";
			projectRoot = "";
			targets = (
				60ECD1AE16A1FA6400A0FB7A /* GIFs */,
				E59DFC3918EB20C90014EDA0 /* Install */,
			);
		};
/* End PBXProject section */

/* Begin PBXResourcesBuildPhase section */
		60ECD1AD16A1FA6400A0FB7A /* Resources */ = {
			isa = PBXResourcesBuildPhase;
			buildActionMask = 2147483647;
			files = (
				60F849FB1835DCF2009A0F25 /* tumblr_t_active.png in Resources */,
				60F849F51835D4F2009A0F25 /* tick_active.png in Resources */,
				60ECD1BE16A1FA6400A0FB7A /* InfoPlist.strings in Resources */,
				606F436919B3A14800FC5406 /* about6.jpg in Resources */,
				60ECD1C416A1FA6400A0FB7A /* Credits.rtf in Resources */,
				60ECD1CA16A1FA6400A0FB7A /* MainMenu.xib in Resources */,
				60F849FC1835DCF2009A0F25 /* tumblr_t@2x.png in Resources */,
				606F436B19B3A14800FC5406 /* about8.jpg in Resources */,
				60FB8855183AE74600FC05CB /* close.png in Resources */,
				606F436619B3A14800FC5406 /* about3.jpg in Resources */,
				60FB8853183AE74600FC05CB /* close_active.png in Resources */,
				60F849E71835CD05009A0F25 /* plus_active.png in Resources */,
				60F0496519B3A637007D3EBE /* about0.jpg in Resources */,
				60FA43C519945A8C002CA538 /* shadow.png in Resources */,
				606F436D19B3A14800FC5406 /* about10.jpg in Resources */,
				60FB8852183AE74600FC05CB /* close_active@2x.png in Resources */,
				60238CBE16ABC7C6002DC7CD /* gif_template.html in Resources */,
				606F437019B3A14800FC5406 /* about13.jpg in Resources */,
				606F436719B3A14800FC5406 /* about4.jpg in Resources */,
				606F436819B3A14800FC5406 /* about5.jpg in Resources */,
				60238CD816AC7302002DC7CD /* Reddit@2x.png in Resources */,
				60F849FA1835DCF2009A0F25 /* tumblr_t_active@2x.png in Resources */,
				60238CD916AC7302002DC7CD /* Reddit.png in Resources */,
				606F436C19B3A14800FC5406 /* about9.jpg in Resources */,
				606F436E19B3A14800FC5406 /* about11.jpg in Resources */,
				60238CDD16AC76E2002DC7CD /* RedditWhite.png in Resources */,
				60FB8854183AE74600FC05CB /* close@2x.png in Resources */,
				60F849F41835D4F2009A0F25 /* tick_active@2x.png in Resources */,
				60238CDE16AC76E2002DC7CD /* RedditWhite@2x.png in Resources */,
				60238CF216ACB9E0002DC7CD /* Search.png in Resources */,
				606F436F19B3A14800FC5406 /* about12.jpg in Resources */,
				60238CF316ACB9E0002DC7CD /* Search@2x.png in Resources */,
				60F849F11835D451009A0F25 /* tick.png in Resources */,
				606F436419B3A14800FC5406 /* about1.jpg in Resources */,
				606F436519B3A14800FC5406 /* about2.jpg in Resources */,
				60F0496C19B3A708007D3EBE /* DotSlash.png in Resources */,
				60F849F01835D451009A0F25 /* tick@2x.png in Resources */,
				60F849FD1835DCF2009A0F25 /* tumblr_t.png in Resources */,
				601465DF19F93F0500607614 /* GIFs-Icon.icns in Resources */,
				604CA0C319B3F3A000028695 /* Giphy_API_Logo_ForWhite_Trans.gif in Resources */,
				60238CF716ACBA0C002DC7CD /* SearchWhite.png in Resources */,
				60238CF816ACBA0C002DC7CD /* SearchWhite@2x.png in Resources */,
				60F0496A19B3A708007D3EBE /* Github.png in Resources */,
				60F849E61835CD05009A0F25 /* plus_active@2x.png in Resources */,
				60F0496B19B3A708007D3EBE /* TwitterBird.png in Resources */,
				60238D0116ACDACD002DC7CD /* more.png in Resources */,
				606F436A19B3A14800FC5406 /* about7.jpg in Resources */,
				606F437119B3A14800FC5406 /* about14.jpg in Resources */,
			);
			runOnlyForDeploymentPostprocessing = 0;
		};
/* End PBXResourcesBuildPhase section */

/* Begin PBXShellScriptBuildPhase section */
		79B27B42B652262654045751 /* Copy Pods Resources */ = {
			isa = PBXShellScriptBuildPhase;
			buildActionMask = 2147483647;
			files = (
			);
			inputPaths = (
			);
			name = "Copy Pods Resources";
			outputPaths = (
			);
			runOnlyForDeploymentPostprocessing = 0;
			shellPath = /bin/sh;
			shellScript = "\"${SRCROOT}/Pods/Target Support Files/Pods/Pods-resources.sh\"\n";
			showEnvVarsInLog = 0;
		};
		A465A40D9D4972C67B3ADC18 /* Embed Pods Frameworks */ = {
			isa = PBXShellScriptBuildPhase;
			buildActionMask = 2147483647;
			files = (
			);
			inputPaths = (
			);
			name = "Embed Pods Frameworks";
			outputPaths = (
			);
			runOnlyForDeploymentPostprocessing = 0;
			shellPath = /bin/sh;
			shellScript = "\"${SRCROOT}/Pods/Target Support Files/Pods/Pods-frameworks.sh\"\n";
			showEnvVarsInLog = 0;
		};
		B8617A8FE193733F74F8D5E7 /* Check Pods Manifest.lock */ = {
			isa = PBXShellScriptBuildPhase;
			buildActionMask = 2147483647;
			files = (
			);
			inputPaths = (
			);
			name = "Check Pods Manifest.lock";
			outputPaths = (
			);
			runOnlyForDeploymentPostprocessing = 0;
			shellPath = /bin/sh;
			shellScript = "diff \"${PODS_ROOT}/../Podfile.lock\" \"${PODS_ROOT}/Manifest.lock\" > /dev/null\nif [[ $? != 0 ]] ; then\n    cat << EOM\nerror: The sandbox is not in sync with the Podfile.lock. Run 'pod install' or update your CocoaPods installation.\nEOM\n    exit 1\nfi\n";
			showEnvVarsInLog = 0;
		};
		E59DFC3F18EB20D20014EDA0 /* ShellScript */ = {
			isa = PBXShellScriptBuildPhase;
			buildActionMask = 2147483647;
			files = (
			);
			inputPaths = (
			);
			outputPaths = (
			);
			runOnlyForDeploymentPostprocessing = 0;
			shellPath = /bin/sh;
			shellScript = "set -e\nrm -rf \"/Applications/All The Gifs.app\"\ncp -rf \"${BUILD_DIR}/${CONFIGURATION}${EFFECTIVE_PLATFORM_NAME}/All The Gifs.app\" \"/Applications/All The Gifs.app\"\n";
		};
/* End PBXShellScriptBuildPhase section */

/* Begin PBXSourcesBuildPhase section */
		60ECD1AB16A1FA6400A0FB7A /* Sources */ = {
			isa = PBXSourcesBuildPhase;
			buildActionMask = 2147483647;
			files = (
				60C3CE3919A595D200E7B88F /* ORWindowDraggableVisualEffectsView.m in Sources */,
				60FA43C719945AC9002CA538 /* ShadowView.swift in Sources */,
				60F0496E19B3C2EF007D3EBE /* ORTintedVisualEffectView.swift in Sources */,
				60ECD1C016A1FA6400A0FB7A /* main.m in Sources */,
				6086FC5819AABAD4008F447D /* ORImageBrowserView.m in Sources */,
				60FA43C31994548E002CA538 /* ORWindowTitleDecorationController.swift in Sources */,
				606F437319B3A17100FC5406 /* AboutController.swift in Sources */,
				60ECD1C716A1FA6400A0FB7A /* ORAppDelegate.m in Sources */,
				60EC305E16A1FC6C00E9BE93 /* ORMenuController.m in Sources */,
				60C3CE3C19A5976200E7B88F /* ORGIFRightClickMenuMaker.m in Sources */,
				6015B461199C653800587A4E /* ORMiddleGreyView.m in Sources */,
				905F686A1B139E9100E8E8BF /* ORGIFActionsController.m in Sources */,
				60F849ED1835D19B009A0F25 /* ORSourcesController.m in Sources */,
				60F849EA1835CEB6009A0F25 /* ORDarkBlueView.m in Sources */,
				60EC306716A2089500E9BE93 /* ORImageView.m in Sources */,
				60CBFBDF183F17BE0067F321 /* NSString+StringBetweenStrings.m in Sources */,
				60EC306C16A22CA300E9BE93 /* ORWebViewDelegateStuff.m in Sources */,
				60EC307216A3306E00E9BE93 /* ORGIFController.m in Sources */,
				60238CC916AC261A002DC7CD /* ORSimpleSourceListView.m in Sources */,
				60F8BFF316AE1E2600036609 /* ORTumblrController.m in Sources */,
				606F435219B3920F00FC5406 /* ORSearchTextField.m in Sources */,
				60CBFBDC183F11EE0067F321 /* ORStarredSourceController.m in Sources */,
			);
			runOnlyForDeploymentPostprocessing = 0;
		};
/* End PBXSourcesBuildPhase section */

/* Begin PBXTargetDependency section */
		E59DFC3E18EB20CF0014EDA0 /* PBXTargetDependency */ = {
			isa = PBXTargetDependency;
			target = 60ECD1AE16A1FA6400A0FB7A /* GIFs */;
			targetProxy = E59DFC3D18EB20CF0014EDA0 /* PBXContainerItemProxy */;
		};
/* End PBXTargetDependency section */

/* Begin PBXVariantGroup section */
		60ECD1BC16A1FA6400A0FB7A /* InfoPlist.strings */ = {
			isa = PBXVariantGroup;
			children = (
				60ECD1BD16A1FA6400A0FB7A /* en */,
			);
			name = InfoPlist.strings;
			sourceTree = "<group>";
		};
		60ECD1C216A1FA6400A0FB7A /* Credits.rtf */ = {
			isa = PBXVariantGroup;
			children = (
				60ECD1C316A1FA6400A0FB7A /* en */,
			);
			name = Credits.rtf;
			sourceTree = "<group>";
		};
		60ECD1C816A1FA6400A0FB7A /* MainMenu.xib */ = {
			isa = PBXVariantGroup;
			children = (
				60ECD1C916A1FA6400A0FB7A /* en */,
			);
			name = MainMenu.xib;
			sourceTree = "<group>";
		};
/* End PBXVariantGroup section */

/* Begin XCBuildConfiguration section */
		60ECD1CB16A1FA6400A0FB7A /* Debug */ = {
			isa = XCBuildConfiguration;
			buildSettings = {
				ALWAYS_SEARCH_USER_PATHS = NO;
				CLANG_CXX_LANGUAGE_STANDARD = "gnu++0x";
				CLANG_CXX_LIBRARY = "libc++";
				CLANG_ENABLE_OBJC_ARC = YES;
				CLANG_WARN_EMPTY_BODY = YES;
				CLANG_WARN__DUPLICATE_METHOD_MATCH = YES;
				COPY_PHASE_STRIP = NO;
				ENABLE_TESTABILITY = YES;
				GCC_C_LANGUAGE_STANDARD = gnu99;
				GCC_DYNAMIC_NO_PIC = NO;
				GCC_ENABLE_OBJC_EXCEPTIONS = YES;
				GCC_OPTIMIZATION_LEVEL = 0;
				GCC_PREPROCESSOR_DEFINITIONS = (
					"DEBUG=1",
					"$(inherited)",
				);
				GCC_SYMBOLS_PRIVATE_EXTERN = NO;
				GCC_WARN_64_TO_32_BIT_CONVERSION = YES;
				GCC_WARN_ABOUT_RETURN_TYPE = YES;
				GCC_WARN_UNINITIALIZED_AUTOS = YES;
				GCC_WARN_UNUSED_VARIABLE = YES;
				MACOSX_DEPLOYMENT_TARGET = 10.10;
				ONLY_ACTIVE_ARCH = YES;
				SDKROOT = macosx;
			};
			name = Debug;
		};
		60ECD1CC16A1FA6400A0FB7A /* Release */ = {
			isa = XCBuildConfiguration;
			buildSettings = {
				ALWAYS_SEARCH_USER_PATHS = NO;
				CLANG_CXX_LANGUAGE_STANDARD = "gnu++0x";
				CLANG_CXX_LIBRARY = "libc++";
				CLANG_ENABLE_OBJC_ARC = YES;
				CLANG_WARN_EMPTY_BODY = YES;
				CLANG_WARN__DUPLICATE_METHOD_MATCH = YES;
				COPY_PHASE_STRIP = YES;
				DEBUG_INFORMATION_FORMAT = "dwarf-with-dsym";
				GCC_C_LANGUAGE_STANDARD = gnu99;
				GCC_ENABLE_OBJC_EXCEPTIONS = YES;
				GCC_WARN_64_TO_32_BIT_CONVERSION = YES;
				GCC_WARN_ABOUT_RETURN_TYPE = YES;
				GCC_WARN_UNINITIALIZED_AUTOS = YES;
				GCC_WARN_UNUSED_VARIABLE = YES;
				MACOSX_DEPLOYMENT_TARGET = 10.10;
				SDKROOT = macosx;
			};
			name = Release;
		};
		60ECD1CE16A1FA6400A0FB7A /* Debug */ = {
			isa = XCBuildConfiguration;
			baseConfigurationReference = 48689718E1197DB06E8802BD /* Pods.debug.xcconfig */;
			buildSettings = {
				CLANG_ENABLE_MODULES = YES;
				CODE_SIGN_ENTITLEMENTS = GIFs/GIFs.entitlements;
				COMBINE_HIDPI_IMAGES = YES;
				DEFINES_MODULE = YES;
				GCC_PRECOMPILE_PREFIX_HEADER = YES;
				GCC_PREFIX_HEADER = "GIFs/GIFs-Prefix.pch";
				INFOPLIST_FILE = "GIFs/GIFs-Info.plist";
				LD_RUNPATH_SEARCH_PATHS = "$(inherited) @executable_path/../Frameworks";
				MACOSX_DEPLOYMENT_TARGET = 10.10;
				PRODUCT_BUNDLE_IDENTIFIER = io.orta.gifs;
				PRODUCT_NAME = GIFs;
				SDKROOT = macosx;
				SWIFT_OBJC_BRIDGING_HEADER = "GIFs/GIFs-Bridging-Header.h";
				SWIFT_OPTIMIZATION_LEVEL = "-Onone";
				WRAPPER_EXTENSION = app;
			};
			name = Debug;
		};
		60ECD1CF16A1FA6400A0FB7A /* Release */ = {
			isa = XCBuildConfiguration;
			baseConfigurationReference = 7165988F5B82F3A3AF58E6CD /* Pods.release.xcconfig */;
			buildSettings = {
				CLANG_ENABLE_MODULES = YES;
				CODE_SIGN_ENTITLEMENTS = GIFs/GIFs.entitlements;
				COMBINE_HIDPI_IMAGES = YES;
				DEFINES_MODULE = YES;
				GCC_PRECOMPILE_PREFIX_HEADER = YES;
				GCC_PREFIX_HEADER = "GIFs/GIFs-Prefix.pch";
				INFOPLIST_FILE = "GIFs/GIFs-Info.plist";
				LD_RUNPATH_SEARCH_PATHS = "$(inherited) @executable_path/../Frameworks";
				MACOSX_DEPLOYMENT_TARGET = 10.10;
				PRODUCT_BUNDLE_IDENTIFIER = io.orta.gifs;
				PRODUCT_NAME = GIFs;
				PROVISIONING_PROFILE = "e188221f-9fc1-4414-9cd8-79be0b918637";
				SDKROOT = macosx;
				SWIFT_OBJC_BRIDGING_HEADER = "GIFs/GIFs-Bridging-Header.h";
				WRAPPER_EXTENSION = app;
			};
			name = Release;
		};
		E59DFC3B18EB20C90014EDA0 /* Debug */ = {
			isa = XCBuildConfiguration;
			buildSettings = {
				PRODUCT_NAME = "$(TARGET_NAME)";
			};
			name = Debug;
		};
		E59DFC3C18EB20C90014EDA0 /* Release */ = {
			isa = XCBuildConfiguration;
			buildSettings = {
				PRODUCT_NAME = "$(TARGET_NAME)";
			};
			name = Release;
		};
/* End XCBuildConfiguration section */

/* Begin XCConfigurationList section */
		60ECD1A916A1FA6400A0FB7A /* Build configuration list for PBXProject "GIFs" */ = {
			isa = XCConfigurationList;
			buildConfigurations = (
				60ECD1CB16A1FA6400A0FB7A /* Debug */,
				60ECD1CC16A1FA6400A0FB7A /* Release */,
			);
			defaultConfigurationIsVisible = 0;
			defaultConfigurationName = Release;
		};
		60ECD1CD16A1FA6400A0FB7A /* Build configuration list for PBXNativeTarget "GIFs" */ = {
			isa = XCConfigurationList;
			buildConfigurations = (
				60ECD1CE16A1FA6400A0FB7A /* Debug */,
				60ECD1CF16A1FA6400A0FB7A /* Release */,
			);
			defaultConfigurationIsVisible = 0;
			defaultConfigurationName = Release;
		};
		E59DFC3A18EB20C90014EDA0 /* Build configuration list for PBXAggregateTarget "Install" */ = {
			isa = XCConfigurationList;
			buildConfigurations = (
				E59DFC3B18EB20C90014EDA0 /* Debug */,
				E59DFC3C18EB20C90014EDA0 /* Release */,
			);
			defaultConfigurationIsVisible = 0;
			defaultConfigurationName = Release;
		};
/* End XCConfigurationList section */
	};
	rootObject = 60ECD1A616A1FA6400A0FB7A /* Project object */;
}
