// !$*UTF8*$!
{
	archiveVersion = 1;
	classes = {
	};
	objectVersion = 46;
	objects = {

/* Begin PBXBuildFile section */
		60238CBE16ABC7C6002DC7CD /* gif_template.html in Resources */ = {isa = PBXBuildFile; fileRef = 60238CBD16ABC7C6002DC7CD /* gif_template.html */; };
		60238CC916AC261A002DC7CD /* ORSimpleSourceListView.m in Sources */ = {isa = PBXBuildFile; fileRef = 60238CC816AC261A002DC7CD /* ORSimpleSourceListView.m */; };
		60238CD816AC7302002DC7CD /* Reddit@2x.png in Resources */ = {isa = PBXBuildFile; fileRef = 60238CD616AC7301002DC7CD /* Reddit@2x.png */; };
		60238CD916AC7302002DC7CD /* Reddit.png in Resources */ = {isa = PBXBuildFile; fileRef = 60238CD716AC7301002DC7CD /* Reddit.png */; };
		60238CDD16AC76E2002DC7CD /* RedditWhite.png in Resources */ = {isa = PBXBuildFile; fileRef = 60238CDB16AC76E2002DC7CD /* RedditWhite.png */; };
		60238CDE16AC76E2002DC7CD /* RedditWhite@2x.png in Resources */ = {isa = PBXBuildFile; fileRef = 60238CDC16AC76E2002DC7CD /* RedditWhite@2x.png */; };
		60238CF216ACB9E0002DC7CD /* Search.png in Resources */ = {isa = PBXBuildFile; fileRef = 60238CF016ACB9DF002DC7CD /* Search.png */; };
		60238CF316ACB9E0002DC7CD /* Search@2x.png in Resources */ = {isa = PBXBuildFile; fileRef = 60238CF116ACB9DF002DC7CD /* Search@2x.png */; };
		60238CF716ACBA0C002DC7CD /* SearchWhite.png in Resources */ = {isa = PBXBuildFile; fileRef = 60238CF516ACBA0C002DC7CD /* SearchWhite.png */; };
		60238CF816ACBA0C002DC7CD /* SearchWhite@2x.png in Resources */ = {isa = PBXBuildFile; fileRef = 60238CF616ACBA0C002DC7CD /* SearchWhite@2x.png */; };
		60EC305A16A1FB7A00E9BE93 /* Quartz.framework in Frameworks */ = {isa = PBXBuildFile; fileRef = 60EC305816A1FB7A00E9BE93 /* Quartz.framework */; };
		60EC305B16A1FB7A00E9BE93 /* QuartzCore.framework in Frameworks */ = {isa = PBXBuildFile; fileRef = 60EC305916A1FB7A00E9BE93 /* QuartzCore.framework */; };
		60EC305E16A1FC6C00E9BE93 /* ORMenuController.m in Sources */ = {isa = PBXBuildFile; fileRef = 60EC305D16A1FC6C00E9BE93 /* ORMenuController.m */; };
		60EC306116A2007900E9BE93 /* ORRedditImageController.m in Sources */ = {isa = PBXBuildFile; fileRef = 60EC306016A2007900E9BE93 /* ORRedditImageController.m */; };
		60EC306416A2020F00E9BE93 /* GIF.m in Sources */ = {isa = PBXBuildFile; fileRef = 60EC306316A2020F00E9BE93 /* GIF.m */; };
		60EC306716A2089500E9BE93 /* ORImageView.m in Sources */ = {isa = PBXBuildFile; fileRef = 60EC306616A2089500E9BE93 /* ORImageView.m */; };
		60EC306916A2097D00E9BE93 /* WebKit.framework in Frameworks */ = {isa = PBXBuildFile; fileRef = 60EC306816A2097D00E9BE93 /* WebKit.framework */; };
		60EC306C16A22CA300E9BE93 /* ORWebViewDelegateStuff.m in Sources */ = {isa = PBXBuildFile; fileRef = 60EC306B16A22CA300E9BE93 /* ORWebViewDelegateStuff.m */; };
		60EC306F16A3305A00E9BE93 /* ORSearchController.m in Sources */ = {isa = PBXBuildFile; fileRef = 60EC306E16A3305A00E9BE93 /* ORSearchController.m */; };
		60EC307216A3306E00E9BE93 /* ORGIFController.m in Sources */ = {isa = PBXBuildFile; fileRef = 60EC307116A3306E00E9BE93 /* ORGIFController.m */; };
		60ECD1B416A1FA6400A0FB7A /* Cocoa.framework in Frameworks */ = {isa = PBXBuildFile; fileRef = 60ECD1B316A1FA6400A0FB7A /* Cocoa.framework */; };
		60ECD1BE16A1FA6400A0FB7A /* InfoPlist.strings in Resources */ = {isa = PBXBuildFile; fileRef = 60ECD1BC16A1FA6400A0FB7A /* InfoPlist.strings */; };
		60ECD1C016A1FA6400A0FB7A /* main.m in Sources */ = {isa = PBXBuildFile; fileRef = 60ECD1BF16A1FA6400A0FB7A /* main.m */; };
		60ECD1C416A1FA6400A0FB7A /* Credits.rtf in Resources */ = {isa = PBXBuildFile; fileRef = 60ECD1C216A1FA6400A0FB7A /* Credits.rtf */; };
		60ECD1C716A1FA6400A0FB7A /* ORAppDelegate.m in Sources */ = {isa = PBXBuildFile; fileRef = 60ECD1C616A1FA6400A0FB7A /* ORAppDelegate.m */; };
		60ECD1CA16A1FA6400A0FB7A /* MainMenu.xib in Resources */ = {isa = PBXBuildFile; fileRef = 60ECD1C816A1FA6400A0FB7A /* MainMenu.xib */; };
		B2B9FF0252DC48C4A78AA527 /* libPods.a in Frameworks */ = {isa = PBXBuildFile; fileRef = 50FD7C5321E34413A5C61F2D /* libPods.a */; };
/* End PBXBuildFile section */

/* Begin PBXFileReference section */
		44059188DA724A85B6EA5694 /* Pods.xcconfig */ = {isa = PBXFileReference; includeInIndex = 1; lastKnownFileType = text.xcconfig; name = Pods.xcconfig; path = Pods/Pods.xcconfig; sourceTree = SOURCE_ROOT; };
		50FD7C5321E34413A5C61F2D /* libPods.a */ = {isa = PBXFileReference; explicitFileType = archive.ar; includeInIndex = 0; path = libPods.a; sourceTree = BUILT_PRODUCTS_DIR; };
		60238CBD16ABC7C6002DC7CD /* gif_template.html */ = {isa = PBXFileReference; fileEncoding = 4; lastKnownFileType = text.html; path = gif_template.html; sourceTree = "<group>"; };
		60238CC716AC261A002DC7CD /* ORSimpleSourceListView.h */ = {isa = PBXFileReference; fileEncoding = 4; lastKnownFileType = sourcecode.c.h; path = ORSimpleSourceListView.h; sourceTree = "<group>"; };
		60238CC816AC261A002DC7CD /* ORSimpleSourceListView.m */ = {isa = PBXFileReference; fileEncoding = 4; lastKnownFileType = sourcecode.c.objc; path = ORSimpleSourceListView.m; sourceTree = "<group>"; };
		60238CD616AC7301002DC7CD /* Reddit@2x.png */ = {isa = PBXFileReference; lastKnownFileType = image.png; path = "Reddit@2x.png"; sourceTree = "<group>"; };
		60238CD716AC7301002DC7CD /* Reddit.png */ = {isa = PBXFileReference; lastKnownFileType = image.png; path = Reddit.png; sourceTree = "<group>"; };
		60238CDB16AC76E2002DC7CD /* RedditWhite.png */ = {isa = PBXFileReference; lastKnownFileType = image.png; path = RedditWhite.png; sourceTree = "<group>"; };
		60238CDC16AC76E2002DC7CD /* RedditWhite@2x.png */ = {isa = PBXFileReference; lastKnownFileType = image.png; path = "RedditWhite@2x.png"; sourceTree = "<group>"; };
		60238CF016ACB9DF002DC7CD /* Search.png */ = {isa = PBXFileReference; lastKnownFileType = image.png; path = Search.png; sourceTree = "<group>"; };
		60238CF116ACB9DF002DC7CD /* Search@2x.png */ = {isa = PBXFileReference; lastKnownFileType = image.png; path = "Search@2x.png"; sourceTree = "<group>"; };
		60238CF516ACBA0C002DC7CD /* SearchWhite.png */ = {isa = PBXFileReference; lastKnownFileType = image.png; path = SearchWhite.png; sourceTree = "<group>"; };
		60238CF616ACBA0C002DC7CD /* SearchWhite@2x.png */ = {isa = PBXFileReference; lastKnownFileType = image.png; path = "SearchWhite@2x.png"; sourceTree = "<group>"; };
		60EC305816A1FB7A00E9BE93 /* Quartz.framework */ = {isa = PBXFileReference; lastKnownFileType = wrapper.framework; name = Quartz.framework; path = System/Library/Frameworks/Quartz.framework; sourceTree = SDKROOT; };
		60EC305916A1FB7A00E9BE93 /* QuartzCore.framework */ = {isa = PBXFileReference; lastKnownFileType = wrapper.framework; name = QuartzCore.framework; path = System/Library/Frameworks/QuartzCore.framework; sourceTree = SDKROOT; };
		60EC305C16A1FC6C00E9BE93 /* ORMenuController.h */ = {isa = PBXFileReference; fileEncoding = 4; lastKnownFileType = sourcecode.c.h; path = ORMenuController.h; sourceTree = "<group>"; };
		60EC305D16A1FC6C00E9BE93 /* ORMenuController.m */ = {isa = PBXFileReference; fileEncoding = 4; lastKnownFileType = sourcecode.c.objc; path = ORMenuController.m; sourceTree = "<group>"; };
		60EC305F16A2007900E9BE93 /* ORRedditImageController.h */ = {isa = PBXFileReference; fileEncoding = 4; lastKnownFileType = sourcecode.c.h; path = ORRedditImageController.h; sourceTree = "<group>"; };
		60EC306016A2007900E9BE93 /* ORRedditImageController.m */ = {isa = PBXFileReference; fileEncoding = 4; lastKnownFileType = sourcecode.c.objc; path = ORRedditImageController.m; sourceTree = "<group>"; };
		60EC306216A2020F00E9BE93 /* GIF.h */ = {isa = PBXFileReference; fileEncoding = 4; lastKnownFileType = sourcecode.c.h; path = GIF.h; sourceTree = "<group>"; };
		60EC306316A2020F00E9BE93 /* GIF.m */ = {isa = PBXFileReference; fileEncoding = 4; lastKnownFileType = sourcecode.c.objc; path = GIF.m; sourceTree = "<group>"; };
		60EC306516A2089500E9BE93 /* ORImageView.h */ = {isa = PBXFileReference; fileEncoding = 4; lastKnownFileType = sourcecode.c.h; path = ORImageView.h; sourceTree = "<group>"; };
		60EC306616A2089500E9BE93 /* ORImageView.m */ = {isa = PBXFileReference; fileEncoding = 4; lastKnownFileType = sourcecode.c.objc; path = ORImageView.m; sourceTree = "<group>"; };
		60EC306816A2097D00E9BE93 /* WebKit.framework */ = {isa = PBXFileReference; lastKnownFileType = wrapper.framework; name = WebKit.framework; path = System/Library/Frameworks/WebKit.framework; sourceTree = SDKROOT; };
		60EC306A16A22CA300E9BE93 /* ORWebViewDelegateStuff.h */ = {isa = PBXFileReference; fileEncoding = 4; lastKnownFileType = sourcecode.c.h; path = ORWebViewDelegateStuff.h; sourceTree = "<group>"; };
		60EC306B16A22CA300E9BE93 /* ORWebViewDelegateStuff.m */ = {isa = PBXFileReference; fileEncoding = 4; lastKnownFileType = sourcecode.c.objc; path = ORWebViewDelegateStuff.m; sourceTree = "<group>"; };
		60EC306D16A3305A00E9BE93 /* ORSearchController.h */ = {isa = PBXFileReference; fileEncoding = 4; lastKnownFileType = sourcecode.c.h; path = ORSearchController.h; sourceTree = "<group>"; };
		60EC306E16A3305A00E9BE93 /* ORSearchController.m */ = {isa = PBXFileReference; fileEncoding = 4; lastKnownFileType = sourcecode.c.objc; path = ORSearchController.m; sourceTree = "<group>"; };
		60EC307016A3306E00E9BE93 /* ORGIFController.h */ = {isa = PBXFileReference; fileEncoding = 4; lastKnownFileType = sourcecode.c.h; path = ORGIFController.h; sourceTree = "<group>"; };
		60EC307116A3306E00E9BE93 /* ORGIFController.m */ = {isa = PBXFileReference; fileEncoding = 4; lastKnownFileType = sourcecode.c.objc; path = ORGIFController.m; sourceTree = "<group>"; };
		60ECD1AF16A1FA6400A0FB7A /* GIFs.app */ = {isa = PBXFileReference; explicitFileType = wrapper.application; includeInIndex = 0; path = GIFs.app; sourceTree = BUILT_PRODUCTS_DIR; };
		60ECD1B316A1FA6400A0FB7A /* Cocoa.framework */ = {isa = PBXFileReference; lastKnownFileType = wrapper.framework; name = Cocoa.framework; path = System/Library/Frameworks/Cocoa.framework; sourceTree = SDKROOT; };
		60ECD1B616A1FA6400A0FB7A /* AppKit.framework */ = {isa = PBXFileReference; lastKnownFileType = wrapper.framework; name = AppKit.framework; path = System/Library/Frameworks/AppKit.framework; sourceTree = SDKROOT; };
		60ECD1B716A1FA6400A0FB7A /* CoreData.framework */ = {isa = PBXFileReference; lastKnownFileType = wrapper.framework; name = CoreData.framework; path = System/Library/Frameworks/CoreData.framework; sourceTree = SDKROOT; };
		60ECD1B816A1FA6400A0FB7A /* Foundation.framework */ = {isa = PBXFileReference; lastKnownFileType = wrapper.framework; name = Foundation.framework; path = System/Library/Frameworks/Foundation.framework; sourceTree = SDKROOT; };
		60ECD1BB16A1FA6400A0FB7A /* GIFs-Info.plist */ = {isa = PBXFileReference; lastKnownFileType = text.plist.xml; path = "GIFs-Info.plist"; sourceTree = "<group>"; };
		60ECD1BD16A1FA6400A0FB7A /* en */ = {isa = PBXFileReference; lastKnownFileType = text.plist.strings; name = en; path = en.lproj/InfoPlist.strings; sourceTree = "<group>"; };
		60ECD1BF16A1FA6400A0FB7A /* main.m */ = {isa = PBXFileReference; lastKnownFileType = sourcecode.c.objc; path = main.m; sourceTree = "<group>"; };
		60ECD1C116A1FA6400A0FB7A /* GIFs-Prefix.pch */ = {isa = PBXFileReference; lastKnownFileType = sourcecode.c.h; path = "GIFs-Prefix.pch"; sourceTree = "<group>"; };
		60ECD1C316A1FA6400A0FB7A /* en */ = {isa = PBXFileReference; lastKnownFileType = text.rtf; name = en; path = en.lproj/Credits.rtf; sourceTree = "<group>"; };
		60ECD1C516A1FA6400A0FB7A /* ORAppDelegate.h */ = {isa = PBXFileReference; lastKnownFileType = sourcecode.c.h; path = ORAppDelegate.h; sourceTree = "<group>"; };
		60ECD1C616A1FA6400A0FB7A /* ORAppDelegate.m */ = {isa = PBXFileReference; lastKnownFileType = sourcecode.c.objc; path = ORAppDelegate.m; sourceTree = "<group>"; };
		60ECD1C916A1FA6400A0FB7A /* en */ = {isa = PBXFileReference; lastKnownFileType = file.xib; name = en; path = en.lproj/MainMenu.xib; sourceTree = "<group>"; };
/* End PBXFileReference section */

/* Begin PBXFrameworksBuildPhase section */
		60ECD1AC16A1FA6400A0FB7A /* Frameworks */ = {
			isa = PBXFrameworksBuildPhase;
			buildActionMask = 2147483647;
			files = (
				60EC306916A2097D00E9BE93 /* WebKit.framework in Frameworks */,
				60EC305A16A1FB7A00E9BE93 /* Quartz.framework in Frameworks */,
				60EC305B16A1FB7A00E9BE93 /* QuartzCore.framework in Frameworks */,
				60ECD1B416A1FA6400A0FB7A /* Cocoa.framework in Frameworks */,
				B2B9FF0252DC48C4A78AA527 /* libPods.a in Frameworks */,
			);
			runOnlyForDeploymentPostprocessing = 0;
		};
/* End PBXFrameworksBuildPhase section */

/* Begin PBXGroup section */
		60ECD1A416A1FA6400A0FB7A = {
			isa = PBXGroup;
			children = (
				60ECD1B916A1FA6400A0FB7A /* GIFs */,
				60ECD1B216A1FA6400A0FB7A /* Frameworks */,
				60ECD1B016A1FA6400A0FB7A /* Products */,
				44059188DA724A85B6EA5694 /* Pods.xcconfig */,
			);
			sourceTree = "<group>";
		};
		60ECD1B016A1FA6400A0FB7A /* Products */ = {
			isa = PBXGroup;
			children = (
				60ECD1AF16A1FA6400A0FB7A /* GIFs.app */,
			);
			name = Products;
			sourceTree = "<group>";
		};
		60ECD1B216A1FA6400A0FB7A /* Frameworks */ = {
			isa = PBXGroup;
			children = (
				60EC306816A2097D00E9BE93 /* WebKit.framework */,
				60EC305816A1FB7A00E9BE93 /* Quartz.framework */,
				60EC305916A1FB7A00E9BE93 /* QuartzCore.framework */,
				60ECD1B316A1FA6400A0FB7A /* Cocoa.framework */,
				60ECD1B516A1FA6400A0FB7A /* Other Frameworks */,
				50FD7C5321E34413A5C61F2D /* libPods.a */,
			);
			name = Frameworks;
			sourceTree = "<group>";
		};
		60ECD1B516A1FA6400A0FB7A /* Other Frameworks */ = {
			isa = PBXGroup;
			children = (
				60ECD1B616A1FA6400A0FB7A /* AppKit.framework */,
				60ECD1B716A1FA6400A0FB7A /* CoreData.framework */,
				60ECD1B816A1FA6400A0FB7A /* Foundation.framework */,
			);
			name = "Other Frameworks";
			sourceTree = "<group>";
		};
		60ECD1B916A1FA6400A0FB7A /* GIFs */ = {
			isa = PBXGroup;
			children = (
				60ECD1C516A1FA6400A0FB7A /* ORAppDelegate.h */,
				60ECD1C616A1FA6400A0FB7A /* ORAppDelegate.m */,
				60ECD1C816A1FA6400A0FB7A /* MainMenu.xib */,
				60ECD1BA16A1FA6400A0FB7A /* Supporting Files */,
				60EC305C16A1FC6C00E9BE93 /* ORMenuController.h */,
				60EC305D16A1FC6C00E9BE93 /* ORMenuController.m */,
				60EC305F16A2007900E9BE93 /* ORRedditImageController.h */,
				60EC306016A2007900E9BE93 /* ORRedditImageController.m */,
				60EC306216A2020F00E9BE93 /* GIF.h */,
				60EC306316A2020F00E9BE93 /* GIF.m */,
				60EC306516A2089500E9BE93 /* ORImageView.h */,
				60EC306616A2089500E9BE93 /* ORImageView.m */,
				60EC306A16A22CA300E9BE93 /* ORWebViewDelegateStuff.h */,
				60EC306B16A22CA300E9BE93 /* ORWebViewDelegateStuff.m */,
				60EC306D16A3305A00E9BE93 /* ORSearchController.h */,
				60EC306E16A3305A00E9BE93 /* ORSearchController.m */,
				60EC307016A3306E00E9BE93 /* ORGIFController.h */,
				60EC307116A3306E00E9BE93 /* ORGIFController.m */,
				60238CBD16ABC7C6002DC7CD /* gif_template.html */,
				60238CC716AC261A002DC7CD /* ORSimpleSourceListView.h */,
				60238CC816AC261A002DC7CD /* ORSimpleSourceListView.m */,
				60238CDB16AC76E2002DC7CD /* RedditWhite.png */,
				60238CDC16AC76E2002DC7CD /* RedditWhite@2x.png */,
				60238CD616AC7301002DC7CD /* Reddit@2x.png */,
				60238CD716AC7301002DC7CD /* Reddit.png */,
				60238CF016ACB9DF002DC7CD /* Search.png */,
				60238CF116ACB9DF002DC7CD /* Search@2x.png */,
				60238CF516ACBA0C002DC7CD /* SearchWhite.png */,
				60238CF616ACBA0C002DC7CD /* SearchWhite@2x.png */,
			);
			path = GIFs;
			sourceTree = "<group>";
		};
		60ECD1BA16A1FA6400A0FB7A /* Supporting Files */ = {
			isa = PBXGroup;
			children = (
				60ECD1BB16A1FA6400A0FB7A /* GIFs-Info.plist */,
				60ECD1BC16A1FA6400A0FB7A /* InfoPlist.strings */,
				60ECD1BF16A1FA6400A0FB7A /* main.m */,
				60ECD1C116A1FA6400A0FB7A /* GIFs-Prefix.pch */,
				60ECD1C216A1FA6400A0FB7A /* Credits.rtf */,
			);
			name = "Supporting Files";
			sourceTree = "<group>";
		};
/* End PBXGroup section */

/* Begin PBXNativeTarget section */
		60ECD1AE16A1FA6400A0FB7A /* GIFs */ = {
			isa = PBXNativeTarget;
			buildConfigurationList = 60ECD1CD16A1FA6400A0FB7A /* Build configuration list for PBXNativeTarget "GIFs" */;
			buildPhases = (
				60ECD1AB16A1FA6400A0FB7A /* Sources */,
				60ECD1AC16A1FA6400A0FB7A /* Frameworks */,
				60ECD1AD16A1FA6400A0FB7A /* Resources */,
				19214ADF355E4738A3E8B9A0 /* Copy Pods Resources */,
			);
			buildRules = (
			);
			dependencies = (
			);
			name = GIFs;
			productName = GIFs;
			productReference = 60ECD1AF16A1FA6400A0FB7A /* GIFs.app */;
			productType = "com.apple.product-type.application";
		};
/* End PBXNativeTarget section */

/* Begin PBXProject section */
		60ECD1A616A1FA6400A0FB7A /* Project object */ = {
			isa = PBXProject;
			attributes = {
				CLASSPREFIX = OR;
				LastUpgradeCheck = 0450;
				ORGANIZATIONNAME = "Orta Therox";
			};
			buildConfigurationList = 60ECD1A916A1FA6400A0FB7A /* Build configuration list for PBXProject "GIFs" */;
			compatibilityVersion = "Xcode 3.2";
			developmentRegion = English;
			hasScannedForEncodings = 0;
			knownRegions = (
				en,
			);
			mainGroup = 60ECD1A416A1FA6400A0FB7A;
			productRefGroup = 60ECD1B016A1FA6400A0FB7A /* Products */;
			projectDirPath = "";
			projectRoot = "";
			targets = (
				60ECD1AE16A1FA6400A0FB7A /* GIFs */,
			);
		};
/* End PBXProject section */

/* Begin PBXResourcesBuildPhase section */
		60ECD1AD16A1FA6400A0FB7A /* Resources */ = {
			isa = PBXResourcesBuildPhase;
			buildActionMask = 2147483647;
			files = (
				60ECD1BE16A1FA6400A0FB7A /* InfoPlist.strings in Resources */,
				60ECD1C416A1FA6400A0FB7A /* Credits.rtf in Resources */,
				60ECD1CA16A1FA6400A0FB7A /* MainMenu.xib in Resources */,
				60238CBE16ABC7C6002DC7CD /* gif_template.html in Resources */,
				60238CD816AC7302002DC7CD /* Reddit@2x.png in Resources */,
				60238CD916AC7302002DC7CD /* Reddit.png in Resources */,
				60238CDD16AC76E2002DC7CD /* RedditWhite.png in Resources */,
				60238CDE16AC76E2002DC7CD /* RedditWhite@2x.png in Resources */,
				60238CF216ACB9E0002DC7CD /* Search.png in Resources */,
				60238CF316ACB9E0002DC7CD /* Search@2x.png in Resources */,
				60238CF716ACBA0C002DC7CD /* SearchWhite.png in Resources */,
				60238CF816ACBA0C002DC7CD /* SearchWhite@2x.png in Resources */,
			);
			runOnlyForDeploymentPostprocessing = 0;
		};
/* End PBXResourcesBuildPhase section */

/* Begin PBXShellScriptBuildPhase section */
		19214ADF355E4738A3E8B9A0 /* Copy Pods Resources */ = {
			isa = PBXShellScriptBuildPhase;
			buildActionMask = 2147483647;
			files = (
			);
			inputPaths = (
			);
			name = "Copy Pods Resources";
			outputPaths = (
			);
			runOnlyForDeploymentPostprocessing = 0;
			shellPath = /bin/sh;
			shellScript = "\"${SRCROOT}/Pods/Pods-resources.sh\"\n";
		};
/* End PBXShellScriptBuildPhase section */

/* Begin PBXSourcesBuildPhase section */
		60ECD1AB16A1FA6400A0FB7A /* Sources */ = {
			isa = PBXSourcesBuildPhase;
			buildActionMask = 2147483647;
			files = (
				60ECD1C016A1FA6400A0FB7A /* main.m in Sources */,
				60ECD1C716A1FA6400A0FB7A /* ORAppDelegate.m in Sources */,
				60EC305E16A1FC6C00E9BE93 /* ORMenuController.m in Sources */,
				60EC306116A2007900E9BE93 /* ORRedditImageController.m in Sources */,
				60EC306416A2020F00E9BE93 /* GIF.m in Sources */,
				60EC306716A2089500E9BE93 /* ORImageView.m in Sources */,
				60EC306C16A22CA300E9BE93 /* ORWebViewDelegateStuff.m in Sources */,
				60EC306F16A3305A00E9BE93 /* ORSearchController.m in Sources */,
				60EC307216A3306E00E9BE93 /* ORGIFController.m in Sources */,
				60238CC916AC261A002DC7CD /* ORSimpleSourceListView.m in Sources */,
			);
			runOnlyForDeploymentPostprocessing = 0;
		};
/* End PBXSourcesBuildPhase section */

/* Begin PBXVariantGroup section */
		60ECD1BC16A1FA6400A0FB7A /* InfoPlist.strings */ = {
			isa = PBXVariantGroup;
			children = (
				60ECD1BD16A1FA6400A0FB7A /* en */,
			);
			name = InfoPlist.strings;
			sourceTree = "<group>";
		};
		60ECD1C216A1FA6400A0FB7A /* Credits.rtf */ = {
			isa = PBXVariantGroup;
			children = (
				60ECD1C316A1FA6400A0FB7A /* en */,
			);
			name = Credits.rtf;
			sourceTree = "<group>";
		};
		60ECD1C816A1FA6400A0FB7A /* MainMenu.xib */ = {
			isa = PBXVariantGroup;
			children = (
				60ECD1C916A1FA6400A0FB7A /* en */,
			);
			name = MainMenu.xib;
			sourceTree = "<group>";
		};
/* End PBXVariantGroup section */

/* Begin XCBuildConfiguration section */
		60ECD1CB16A1FA6400A0FB7A /* Debug */ = {
			isa = XCBuildConfiguration;
			buildSettings = {
				ALWAYS_SEARCH_USER_PATHS = NO;
				ARCHS = "$(ARCHS_STANDARD_64_BIT)";
				CLANG_CXX_LANGUAGE_STANDARD = "gnu++0x";
				CLANG_CXX_LIBRARY = "libc++";
				CLANG_ENABLE_OBJC_ARC = YES;
				CLANG_WARN_EMPTY_BODY = YES;
				CLANG_WARN__DUPLICATE_METHOD_MATCH = YES;
				COPY_PHASE_STRIP = NO;
				GCC_C_LANGUAGE_STANDARD = gnu99;
				GCC_DYNAMIC_NO_PIC = NO;
				GCC_ENABLE_OBJC_EXCEPTIONS = YES;
				GCC_OPTIMIZATION_LEVEL = 0;
				GCC_PREPROCESSOR_DEFINITIONS = (
					"DEBUG=1",
					"$(inherited)",
				);
				GCC_SYMBOLS_PRIVATE_EXTERN = NO;
				GCC_WARN_64_TO_32_BIT_CONVERSION = YES;
				GCC_WARN_ABOUT_RETURN_TYPE = YES;
				GCC_WARN_UNINITIALIZED_AUTOS = YES;
				GCC_WARN_UNUSED_VARIABLE = YES;
				MACOSX_DEPLOYMENT_TARGET = 10.8;
				ONLY_ACTIVE_ARCH = YES;
				SDKROOT = macosx;
			};
			name = Debug;
		};
		60ECD1CC16A1FA6400A0FB7A /* Release */ = {
			isa = XCBuildConfiguration;
			buildSettings = {
				ALWAYS_SEARCH_USER_PATHS = NO;
				ARCHS = "$(ARCHS_STANDARD_64_BIT)";
				CLANG_CXX_LANGUAGE_STANDARD = "gnu++0x";
				CLANG_CXX_LIBRARY = "libc++";
				CLANG_ENABLE_OBJC_ARC = YES;
				CLANG_WARN_EMPTY_BODY = YES;
				CLANG_WARN__DUPLICATE_METHOD_MATCH = YES;
				COPY_PHASE_STRIP = YES;
				DEBUG_INFORMATION_FORMAT = "dwarf-with-dsym";
				GCC_C_LANGUAGE_STANDARD = gnu99;
				GCC_ENABLE_OBJC_EXCEPTIONS = YES;
				GCC_WARN_64_TO_32_BIT_CONVERSION = YES;
				GCC_WARN_ABOUT_RETURN_TYPE = YES;
				GCC_WARN_UNINITIALIZED_AUTOS = YES;
				GCC_WARN_UNUSED_VARIABLE = YES;
				MACOSX_DEPLOYMENT_TARGET = 10.8;
				SDKROOT = macosx;
			};
			name = Release;
		};
		60ECD1CE16A1FA6400A0FB7A /* Debug */ = {
			isa = XCBuildConfiguration;
			baseConfigurationReference = 44059188DA724A85B6EA5694 /* Pods.xcconfig */;
			buildSettings = {
				COMBINE_HIDPI_IMAGES = YES;
				GCC_PRECOMPILE_PREFIX_HEADER = YES;
				GCC_PREFIX_HEADER = "GIFs/GIFs-Prefix.pch";
				INFOPLIST_FILE = "GIFs/GIFs-Info.plist";
				PRODUCT_NAME = "$(TARGET_NAME)";
				WRAPPER_EXTENSION = app;
			};
			name = Debug;
		};
		60ECD1CF16A1FA6400A0FB7A /* Release */ = {
			isa = XCBuildConfiguration;
			baseConfigurationReference = 44059188DA724A85B6EA5694 /* Pods.xcconfig */;
			buildSettings = {
				COMBINE_HIDPI_IMAGES = YES;
				GCC_PRECOMPILE_PREFIX_HEADER = YES;
				GCC_PREFIX_HEADER = "GIFs/GIFs-Prefix.pch";
				INFOPLIST_FILE = "GIFs/GIFs-Info.plist";
				PRODUCT_NAME = "$(TARGET_NAME)";
				WRAPPER_EXTENSION = app;
			};
			name = Release;
		};
/* End XCBuildConfiguration section */

/* Begin XCConfigurationList section */
		60ECD1A916A1FA6400A0FB7A /* Build configuration list for PBXProject "GIFs" */ = {
			isa = XCConfigurationList;
			buildConfigurations = (
				60ECD1CB16A1FA6400A0FB7A /* Debug */,
				60ECD1CC16A1FA6400A0FB7A /* Release */,
			);
			defaultConfigurationIsVisible = 0;
			defaultConfigurationName = Release;
		};
		60ECD1CD16A1FA6400A0FB7A /* Build configuration list for PBXNativeTarget "GIFs" */ = {
			isa = XCConfigurationList;
			buildConfigurations = (
				60ECD1CE16A1FA6400A0FB7A /* Debug */,
				60ECD1CF16A1FA6400A0FB7A /* Release */,
			);
			defaultConfigurationIsVisible = 0;
			defaultConfigurationName = Release;
		};
/* End XCConfigurationList section */
	};
	rootObject = 60ECD1A616A1FA6400A0FB7A /* Project object */;
}
